// !$*UTF8*$!
{
	archiveVersion = 1;
	classes = {
	};
	objectVersion = 46;
	objects = {

/* Begin PBXBuildFile section */
		70C1DFF61ED4B7630081867D /* main.cpp in Sources */ = {isa = PBXBuildFile; fileRef = 70C1DFF51ED4B7630081867D /* main.cpp */; };
		70C1DFF71ED4B7630081867D /* main.cpp in Sources */ = {isa = PBXBuildFile; fileRef = 70C1DFF51ED4B7630081867D /* main.cpp */; };
		70C1DFF81ED4B7630081867D /* main.cpp in Sources */ = {isa = PBXBuildFile; fileRef = 70C1DFF51ED4B7630081867D /* main.cpp */; };
		70C1DFFA1ED4B7630081867D /* input.txt in CopyFiles */ = {isa = PBXBuildFile; fileRef = 70C1DFF91ED4B7630081867D /* input.txt */; };
		70C1DFFB1ED4B7630081867D /* input.txt in CopyFiles */ = {isa = PBXBuildFile; fileRef = 70C1DFF91ED4B7630081867D /* input.txt */; };
		70C1DFFC1ED4B7630081867D /* input.txt in CopyFiles */ = {isa = PBXBuildFile; fileRef = 70C1DFF91ED4B7630081867D /* input.txt */; };
		70C1DFFE1ED4B7630081867D /* expected_output.txt in CopyFiles */ = {isa = PBXBuildFile; fileRef = 70C1DFFD1ED4B7630081867D /* expected_output.txt */; };
		70C1DFFF1ED4B7630081867D /* expected_output.txt in CopyFiles */ = {isa = PBXBuildFile; fileRef = 70C1DFFD1ED4B7630081867D /* expected_output.txt */; };
		70C1E0001ED4B7630081867D /* expected_output.txt in CopyFiles */ = {isa = PBXBuildFile; fileRef = 70C1DFFD1ED4B7630081867D /* expected_output.txt */; };
/* End PBXBuildFile section */

/* Begin PBXCopyFilesBuildPhase section */
		70C1DFE31ED4B7630081867D /* CopyFiles */ = {
			isa = PBXCopyFilesBuildPhase;
			buildActionMask = 2147483647;
			dstPath = "";
			dstSubfolderSpec = 16;
			files = (
				70C1DFFA1ED4B7630081867D /* input.txt in CopyFiles */,
				70C1DFFE1ED4B7630081867D /* expected_output.txt in CopyFiles */,
			);
			runOnlyForDeploymentPostprocessing = 0;
		};
		70C1DFE61ED4B7630081867D /* CopyFiles */ = {
			isa = PBXCopyFilesBuildPhase;
			buildActionMask = 2147483647;
			dstPath = "";
			dstSubfolderSpec = 16;
			files = (
			);
			runOnlyForDeploymentPostprocessing = 0;
		};
		70C1DFEC1ED4B7630081867D /* CopyFiles */ = {
			isa = PBXCopyFilesBuildPhase;
			buildActionMask = 2147483647;
			dstPath = "";
			dstSubfolderSpec = 16;
			files = (
				70C1DFFB1ED4B7630081867D /* input.txt in CopyFiles */,
				70C1DFFF1ED4B7630081867D /* expected_output.txt in CopyFiles */,
			);
			runOnlyForDeploymentPostprocessing = 0;
		};
		70C1DFF11ED4B7630081867D /* CopyFiles */ = {
			isa = PBXCopyFilesBuildPhase;
			buildActionMask = 2147483647;
			dstPath = "";
			dstSubfolderSpec = 16;
			files = (
				70C1DFFC1ED4B7630081867D /* input.txt in CopyFiles */,
				70C1E0001ED4B7630081867D /* expected_output.txt in CopyFiles */,
			);
			runOnlyForDeploymentPostprocessing = 0;
		};
/* End PBXCopyFilesBuildPhase section */

/* Begin PBXFileReference section */
		70C1DFE81ED4B7630081867D /* punctuality */ = {isa = PBXFileReference; explicitFileType = "compiled.mach-o.executable"; includeInIndex = 0; path = punctuality; sourceTree = BUILT_PRODUCTS_DIR; };
		70C1DFEE1ED4B7630081867D /* punctuality (Using input.txt) */ = {isa = PBXFileReference; explicitFileType = "compiled.mach-o.executable"; includeInIndex = 0; path = "punctuality (Using input.txt)"; sourceTree = BUILT_PRODUCTS_DIR; };
		70C1DFF31ED4B7630081867D /* punctuality (Using input.txt and output.txt) */ = {isa = PBXFileReference; explicitFileType = "compiled.mach-o.executable"; includeInIndex = 0; path = "punctuality (Using input.txt and output.txt)"; sourceTree = BUILT_PRODUCTS_DIR; };
		70C1DFF51ED4B7630081867D /* main.cpp */ = {isa = PBXFileReference; lastKnownFileType = sourcecode.cpp.cpp; path = main.cpp; sourceTree = "<group>"; };
		70C1DFF91ED4B7630081867D /* input.txt */ = {isa = PBXFileReference; lastKnownFileType = text; path = input.txt; sourceTree = "<group>"; };
		70C1DFFD1ED4B7630081867D /* expected_output.txt */ = {isa = PBXFileReference; lastKnownFileType = text; path = expected_output.txt; sourceTree = "<group>"; };
/* End PBXFileReference section */

/* Begin PBXFrameworksBuildPhase section */
		70C1DFE21ED4B7630081867D /* Frameworks */ = {
			isa = PBXFrameworksBuildPhase;
			buildActionMask = 2147483647;
			files = (
			);
			runOnlyForDeploymentPostprocessing = 0;
		};
		70C1DFE51ED4B7630081867D /* Frameworks */ = {
			isa = PBXFrameworksBuildPhase;
			buildActionMask = 2147483647;
			files = (
			);
			runOnlyForDeploymentPostprocessing = 0;
		};
		70C1DFEB1ED4B7630081867D /* Frameworks */ = {
			isa = PBXFrameworksBuildPhase;
			buildActionMask = 2147483647;
			files = (
			);
			runOnlyForDeploymentPostprocessing = 0;
		};
		70C1DFF01ED4B7630081867D /* Frameworks */ = {
			isa = PBXFrameworksBuildPhase;
			buildActionMask = 2147483647;
			files = (
			);
			runOnlyForDeploymentPostprocessing = 0;
		};
/* End PBXFrameworksBuildPhase section */

/* Begin PBXGroup section */
		70C1DFDC1ED4B7630081867D = {
			isa = PBXGroup;
			children = (
				70C1DFF41ED4B7630081867D /* punctuality */,
				70C1DFE91ED4B7630081867D /* Products */,
			);
			sourceTree = "<group>";
		};
		70C1DFE91ED4B7630081867D /* Products */ = {
			isa = PBXGroup;
			children = (
				70C1DFE81ED4B7630081867D /* punctuality */,
				70C1DFEE1ED4B7630081867D /* punctuality (Using input.txt) */,
				70C1DFF31ED4B7630081867D /* punctuality (Using input.txt and output.txt) */,
			);
			name = Products;
			sourceTree = "<group>";
		};
		70C1DFF41ED4B7630081867D /* punctuality */ = {
			isa = PBXGroup;
			children = (
				70C1DFF51ED4B7630081867D /* main.cpp */,
				70C1DFF91ED4B7630081867D /* input.txt */,
				70C1DFFD1ED4B7630081867D /* expected_output.txt */,
			);
			path = punctuality;
			sourceTree = "<group>";
		};
/* End PBXGroup section */

/* Begin PBXNativeTarget section */
		70C1DFE71ED4B7630081867D /* punctuality */ = {
			isa = PBXNativeTarget;
			buildConfigurationList = 70C1E0031ED4B7630081867D /* Build configuration list for PBXNativeTarget "punctuality" */;
			buildPhases = (
				70C1DFE11ED4B7630081867D /* Sources */,
				70C1DFE21ED4B7630081867D /* Frameworks */,
				70C1DFE31ED4B7630081867D /* CopyFiles */,
				70C1DFE41ED4B7630081867D /* Sources */,
				70C1DFE51ED4B7630081867D /* Frameworks */,
				70C1DFE61ED4B7630081867D /* CopyFiles */,
			);
			buildRules = (
			);
			dependencies = (
			);
			name = punctuality;
			productName = punctuality;
			productReference = 70C1DFE81ED4B7630081867D /* punctuality */;
			productType = "com.apple.product-type.tool";
		};
		70C1DFED1ED4B7630081867D /* punctuality (Using input.txt) */ = {
			isa = PBXNativeTarget;
			buildConfigurationList = 70C1E0061ED4B7630081867D /* Build configuration list for PBXNativeTarget "punctuality (Using input.txt)" */;
			buildPhases = (
				70C1DFEA1ED4B7630081867D /* Sources */,
				70C1DFEB1ED4B7630081867D /* Frameworks */,
				70C1DFEC1ED4B7630081867D /* CopyFiles */,
			);
			buildRules = (
			);
			dependencies = (
			);
			name = "punctuality (Using input.txt)";
			productName = "punctuality (Using input.txt)";
			productReference = 70C1DFEE1ED4B7630081867D /* punctuality (Using input.txt) */;
			productType = "com.apple.product-type.tool";
		};
		70C1DFF21ED4B7630081867D /* punctuality (Using input.txt and output.txt) */ = {
			isa = PBXNativeTarget;
			buildConfigurationList = 70C1E0091ED4B7630081867D /* Build configuration list for PBXNativeTarget "punctuality (Using input.txt and output.txt)" */;
			buildPhases = (
				70C1DFEF1ED4B7630081867D /* Sources */,
				70C1DFF01ED4B7630081867D /* Frameworks */,
				70C1DFF11ED4B7630081867D /* CopyFiles */,
			);
			buildRules = (
			);
			dependencies = (
			);
			name = "punctuality (Using input.txt and output.txt)";
			productName = "punctuality (Using input.txt and output.txt)";
			productReference = 70C1DFF31ED4B7630081867D /* punctuality (Using input.txt and output.txt) */;
			productType = "com.apple.product-type.tool";
		};
/* End PBXNativeTarget section */

/* Begin PBXProject section */
		70C1DFDD1ED4B7630081867D /* Project object */ = {
			isa = PBXProject;
			attributes = {
				LastUpgradeCheck = 0830;
				ORGANIZATIONNAME = "Alec Schneider";
				TargetAttributes = {
					70C1DFE71ED4B7630081867D = {
						CreatedOnToolsVersion = 8.3;
						ProvisioningStyle = Automatic;
					};
					70C1DFED1ED4B7630081867D = {
						CreatedOnToolsVersion = 8.3;
						ProvisioningStyle = Automatic;
					};
					70C1DFF21ED4B7630081867D = {
						CreatedOnToolsVersion = 8.3;
						ProvisioningStyle = Automatic;
					};
				};
			};
			buildConfigurationList = 70C1DFE01ED4B7630081867D /* Build configuration list for PBXProject "punctuality" */;
			compatibilityVersion = "Xcode 3.2";
			developmentRegion = English;
			hasScannedForEncodings = 0;
			knownRegions = (
				en,
			);
			mainGroup = 70C1DFDC1ED4B7630081867D;
			productRefGroup = 70C1DFE91ED4B7630081867D /* Products */;
			projectDirPath = "";
			projectRoot = "";
			targets = (
				70C1DFE71ED4B7630081867D /* punctuality */,
				70C1DFED1ED4B7630081867D /* punctuality (Using input.txt) */,
				70C1DFF21ED4B7630081867D /* punctuality (Using input.txt and output.txt) */,
			);
		};
/* End PBXProject section */

/* Begin PBXSourcesBuildPhase section */
		70C1DFE11ED4B7630081867D /* Sources */ = {
			isa = PBXSourcesBuildPhase;
			buildActionMask = 2147483647;
			files = (
				70C1DFF61ED4B7630081867D /* main.cpp in Sources */,
			);
			runOnlyForDeploymentPostprocessing = 0;
		};
		70C1DFE41ED4B7630081867D /* Sources */ = {
			isa = PBXSourcesBuildPhase;
			buildActionMask = 2147483647;
			files = (
			);
			runOnlyForDeploymentPostprocessing = 0;
		};
		70C1DFEA1ED4B7630081867D /* Sources */ = {
			isa = PBXSourcesBuildPhase;
			buildActionMask = 2147483647;
			files = (
				70C1DFF71ED4B7630081867D /* main.cpp in Sources */,
			);
			runOnlyForDeploymentPostprocessing = 0;
		};
		70C1DFEF1ED4B7630081867D /* Sources */ = {
			isa = PBXSourcesBuildPhase;
			buildActionMask = 2147483647;
			files = (
				70C1DFF81ED4B7630081867D /* main.cpp in Sources */,
			);
			runOnlyForDeploymentPostprocessing = 0;
		};
/* End PBXSourcesBuildPhase section */

/* Begin XCBuildConfiguration section */
		70C1E0011ED4B7630081867D /* Debug */ = {
			isa = XCBuildConfiguration;
			buildSettings = {
				ALWAYS_SEARCH_USER_PATHS = NO;
				CLANG_ANALYZER_NONNULL = YES;
				CLANG_ANALYZER_NUMBER_OBJECT_CONVERSION = YES_AGGRESSIVE;
				CLANG_CXX_LANGUAGE_STANDARD = "gnu++0x";
				CLANG_CXX_LIBRARY = "libc++";
				CLANG_ENABLE_MODULES = YES;
				CLANG_ENABLE_OBJC_ARC = YES;
				CLANG_WARN_BOOL_CONVERSION = YES;
				CLANG_WARN_CONSTANT_CONVERSION = YES;
				CLANG_WARN_DIRECT_OBJC_ISA_USAGE = YES_ERROR;
				CLANG_WARN_DOCUMENTATION_COMMENTS = YES;
				CLANG_WARN_EMPTY_BODY = YES;
				CLANG_WARN_ENUM_CONVERSION = YES;
				CLANG_WARN_INFINITE_RECURSION = YES;
				CLANG_WARN_INT_CONVERSION = YES;
				CLANG_WARN_OBJC_ROOT_CLASS = YES_ERROR;
				CLANG_WARN_SUSPICIOUS_MOVE = YES;
				CLANG_WARN_UNREACHABLE_CODE = YES;
				CLANG_WARN__DUPLICATE_METHOD_MATCH = YES;
				CODE_SIGN_IDENTITY = "-";
				COPY_PHASE_STRIP = NO;
				DEBUG_INFORMATION_FORMAT = dwarf;
				ENABLE_STRICT_OBJC_MSGSEND = YES;
				ENABLE_TESTABILITY = YES;
				GCC_C_LANGUAGE_STANDARD = gnu99;
				GCC_DYNAMIC_NO_PIC = NO;
				GCC_NO_COMMON_BLOCKS = YES;
				GCC_OPTIMIZATION_LEVEL = 0;
				GCC_PREPROCESSOR_DEFINITIONS = (
					"DEBUG=1",
					"$(inherited)",
				);
				GCC_WARN_64_TO_32_BIT_CONVERSION = YES;
				GCC_WARN_ABOUT_RETURN_TYPE = YES_ERROR;
				GCC_WARN_UNDECLARED_SELECTOR = YES;
				GCC_WARN_UNINITIALIZED_AUTOS = YES_AGGRESSIVE;
				GCC_WARN_UNUSED_FUNCTION = YES;
				GCC_WARN_UNUSED_VARIABLE = YES;
				MACOSX_DEPLOYMENT_TARGET = 10.12;
				MTL_ENABLE_DEBUG_INFO = YES;
				ONLY_ACTIVE_ARCH = YES;
				SDKROOT = macosx;
			};
			name = Debug;
		};
		70C1E0021ED4B7630081867D /* Release */ = {
			isa = XCBuildConfiguration;
			buildSettings = {
				ALWAYS_SEARCH_USER_PATHS = NO;
				CLANG_ANALYZER_NONNULL = YES;
				CLANG_ANALYZER_NUMBER_OBJECT_CONVERSION = YES_AGGRESSIVE;
				CLANG_CXX_LANGUAGE_STANDARD = "gnu++0x";
				CLANG_CXX_LIBRARY = "libc++";
				CLANG_ENABLE_MODULES = YES;
				CLANG_ENABLE_OBJC_ARC = YES;
				CLANG_WARN_BOOL_CONVERSION = YES;
				CLANG_WARN_CONSTANT_CONVERSION = YES;
				CLANG_WARN_DIRECT_OBJC_ISA_USAGE = YES_ERROR;
				CLANG_WARN_DOCUMENTATION_COMMENTS = YES;
				CLANG_WARN_EMPTY_BODY = YES;
				CLANG_WARN_ENUM_CONVERSION = YES;
				CLANG_WARN_INFINITE_RECURSION = YES;
				CLANG_WARN_INT_CONVERSION = YES;
				CLANG_WARN_OBJC_ROOT_CLASS = YES_ERROR;
				CLANG_WARN_SUSPICIOUS_MOVE = YES;
				CLANG_WARN_UNREACHABLE_CODE = YES;
				CLANG_WARN__DUPLICATE_METHOD_MATCH = YES;
				CODE_SIGN_IDENTITY = "-";
				COPY_PHASE_STRIP = NO;
				DEBUG_INFORMATION_FORMAT = "dwarf-with-dsym";
				ENABLE_NS_ASSERTIONS = NO;
				ENABLE_STRICT_OBJC_MSGSEND = YES;
				GCC_C_LANGUAGE_STANDARD = gnu99;
				GCC_NO_COMMON_BLOCKS = YES;
				GCC_WARN_64_TO_32_BIT_CONVERSION = YES;
				GCC_WARN_ABOUT_RETURN_TYPE = YES_ERROR;
				GCC_WARN_UNDECLARED_SELECTOR = YES;
				GCC_WARN_UNINITIALIZED_AUTOS = YES_AGGRESSIVE;
				GCC_WARN_UNUSED_FUNCTION = YES;
				GCC_WARN_UNUSED_VARIABLE = YES;
				MACOSX_DEPLOYMENT_TARGET = 10.12;
				MTL_ENABLE_DEBUG_INFO = NO;
				SDKROOT = macosx;
			};
			name = Release;
		};
		70C1E0041ED4B7630081867D /* Debug */ = {
			isa = XCBuildConfiguration;
			buildSettings = {
				PRODUCT_NAME = "$(TARGET_NAME)";
			};
			name = Debug;
		};
		70C1E0051ED4B7630081867D /* Release */ = {
			isa = XCBuildConfiguration;
			buildSettings = {
				PRODUCT_NAME = "$(TARGET_NAME)";
			};
			name = Release;
		};
		70C1E0071ED4B7630081867D /* Debug */ = {
			isa = XCBuildConfiguration;
			buildSettings = {
				GCC_PREPROCESSOR_DEFINITIONS = (
					"USE_INPUT_FILE=1",
					"$(inherited)",
				);
				PRODUCT_NAME = "$(TARGET_NAME)";
			};
			name = Debug;
		};
		70C1E0081ED4B7630081867D /* Release */ = {
			isa = XCBuildConfiguration;
			buildSettings = {
				PRODUCT_NAME = "$(TARGET_NAME)";
			};
			name = Release;
		};
		70C1E00A1ED4B7630081867D /* Debug */ = {
			isa = XCBuildConfiguration;
			buildSettings = {
				GCC_PREPROCESSOR_DEFINITIONS = (
					"USE_INPUT_FILE=1",
					"USE_OUTPUT_FILE=1",
					"$(inherited)",
				);
				PRODUCT_NAME = "$(TARGET_NAME)";
			};
			name = Debug;
		};
		70C1E00B1ED4B7630081867D /* Release */ = {
			isa = XCBuildConfiguration;
			buildSettings = {
				PRODUCT_NAME = "$(TARGET_NAME)";
			};
			name = Release;
		};
/* End XCBuildConfiguration section */

/* Begin XCConfigurationList section */
		70C1DFE01ED4B7630081867D /* Build configuration list for PBXProject "punctuality" */ = {
			isa = XCConfigurationList;
			buildConfigurations = (
				70C1E0011ED4B7630081867D /* Debug */,
				70C1E0021ED4B7630081867D /* Release */,
			);
			defaultConfigurationIsVisible = 0;
			defaultConfigurationName = Release;
		};
		70C1E0031ED4B7630081867D /* Build configuration list for PBXNativeTarget "punctuality" */ = {
			isa = XCConfigurationList;
			buildConfigurations = (
				70C1E0041ED4B7630081867D /* Debug */,
				70C1E0051ED4B7630081867D /* Release */,
			);
			defaultConfigurationIsVisible = 0;
		};
		70C1E0061ED4B7630081867D /* Build configuration list for PBXNativeTarget "punctuality (Using input.txt)" */ = {
			isa = XCConfigurationList;
			buildConfigurations = (
				70C1E0071ED4B7630081867D /* Debug */,
				70C1E0081ED4B7630081867D /* Release */,
			);
			defaultConfigurationIsVisible = 0;
		};
		70C1E0091ED4B7630081867D /* Build configuration list for PBXNativeTarget "punctuality (Using input.txt and output.txt)" */ = {
			isa = XCConfigurationList;
			buildConfigurations = (
				70C1E00A1ED4B7630081867D /* Debug */,
				70C1E00B1ED4B7630081867D /* Release */,
			);
			defaultConfigurationIsVisible = 0;
		};
/* End XCConfigurationList section */
	};
	rootObject = 70C1DFDD1ED4B7630081867D /* Project object */;
}
