// !$*UTF8*$!
{
	archiveVersion = 1;
	classes = {
	};
	objectVersion = 46;
	objects = {

/* Begin PBXBuildFile section */
		70D05A1F1F3097F9003B18CB /* main.cpp in Sources */ = {isa = PBXBuildFile; fileRef = 70D05A1E1F3097F9003B18CB /* main.cpp */; };
		70D05A201F3097F9003B18CB /* main.cpp in Sources */ = {isa = PBXBuildFile; fileRef = 70D05A1E1F3097F9003B18CB /* main.cpp */; };
		70D05A211F3097F9003B18CB /* main.cpp in Sources */ = {isa = PBXBuildFile; fileRef = 70D05A1E1F3097F9003B18CB /* main.cpp */; };
		70D05A231F3097F9003B18CB /* input.txt in CopyFiles */ = {isa = PBXBuildFile; fileRef = 70D05A221F3097F9003B18CB /* input.txt */; };
		70D05A241F3097F9003B18CB /* input.txt in CopyFiles */ = {isa = PBXBuildFile; fileRef = 70D05A221F3097F9003B18CB /* input.txt */; };
		70D05A251F3097F9003B18CB /* input.txt in CopyFiles */ = {isa = PBXBuildFile; fileRef = 70D05A221F3097F9003B18CB /* input.txt */; };
		70D05A271F3097F9003B18CB /* expected_output.txt in CopyFiles */ = {isa = PBXBuildFile; fileRef = 70D05A261F3097F9003B18CB /* expected_output.txt */; };
		70D05A281F3097F9003B18CB /* expected_output.txt in CopyFiles */ = {isa = PBXBuildFile; fileRef = 70D05A261F3097F9003B18CB /* expected_output.txt */; };
		70D05A291F3097F9003B18CB /* expected_output.txt in CopyFiles */ = {isa = PBXBuildFile; fileRef = 70D05A261F3097F9003B18CB /* expected_output.txt */; };
/* End PBXBuildFile section */

/* Begin PBXCopyFilesBuildPhase section */
		70D05A0C1F3097F9003B18CB /* CopyFiles */ = {
			isa = PBXCopyFilesBuildPhase;
			buildActionMask = 2147483647;
			dstPath = "";
			dstSubfolderSpec = 16;
			files = (
				70D05A231F3097F9003B18CB /* input.txt in CopyFiles */,
				70D05A271F3097F9003B18CB /* expected_output.txt in CopyFiles */,
			);
			runOnlyForDeploymentPostprocessing = 0;
		};
		70D05A0F1F3097F9003B18CB /* CopyFiles */ = {
			isa = PBXCopyFilesBuildPhase;
			buildActionMask = 2147483647;
			dstPath = "";
			dstSubfolderSpec = 16;
			files = (
			);
			runOnlyForDeploymentPostprocessing = 0;
		};
		70D05A151F3097F9003B18CB /* CopyFiles */ = {
			isa = PBXCopyFilesBuildPhase;
			buildActionMask = 2147483647;
			dstPath = "";
			dstSubfolderSpec = 16;
			files = (
				70D05A241F3097F9003B18CB /* input.txt in CopyFiles */,
				70D05A281F3097F9003B18CB /* expected_output.txt in CopyFiles */,
			);
			runOnlyForDeploymentPostprocessing = 0;
		};
		70D05A1A1F3097F9003B18CB /* CopyFiles */ = {
			isa = PBXCopyFilesBuildPhase;
			buildActionMask = 2147483647;
			dstPath = "";
			dstSubfolderSpec = 16;
			files = (
				70D05A251F3097F9003B18CB /* input.txt in CopyFiles */,
				70D05A291F3097F9003B18CB /* expected_output.txt in CopyFiles */,
			);
			runOnlyForDeploymentPostprocessing = 0;
		};
/* End PBXCopyFilesBuildPhase section */

/* Begin PBXFileReference section */
		70D05A111F3097F9003B18CB /* heistplanning */ = {isa = PBXFileReference; explicitFileType = "compiled.mach-o.executable"; includeInIndex = 0; path = heistplanning; sourceTree = BUILT_PRODUCTS_DIR; };
		70D05A171F3097F9003B18CB /* heistplanning (Using input.txt) */ = {isa = PBXFileReference; explicitFileType = "compiled.mach-o.executable"; includeInIndex = 0; path = "heistplanning (Using input.txt)"; sourceTree = BUILT_PRODUCTS_DIR; };
		70D05A1C1F3097F9003B18CB /* heistplanning (Using input.txt and output.txt) */ = {isa = PBXFileReference; explicitFileType = "compiled.mach-o.executable"; includeInIndex = 0; path = "heistplanning (Using input.txt and output.txt)"; sourceTree = BUILT_PRODUCTS_DIR; };
		70D05A1E1F3097F9003B18CB /* main.cpp */ = {isa = PBXFileReference; lastKnownFileType = sourcecode.cpp.cpp; path = main.cpp; sourceTree = "<group>"; };
		70D05A221F3097F9003B18CB /* input.txt */ = {isa = PBXFileReference; lastKnownFileType = text; path = input.txt; sourceTree = "<group>"; };
		70D05A261F3097F9003B18CB /* expected_output.txt */ = {isa = PBXFileReference; lastKnownFileType = text; path = expected_output.txt; sourceTree = "<group>"; };
/* End PBXFileReference section */

/* Begin PBXFrameworksBuildPhase section */
		70D05A0B1F3097F9003B18CB /* Frameworks */ = {
			isa = PBXFrameworksBuildPhase;
			buildActionMask = 2147483647;
			files = (
			);
			runOnlyForDeploymentPostprocessing = 0;
		};
		70D05A0E1F3097F9003B18CB /* Frameworks */ = {
			isa = PBXFrameworksBuildPhase;
			buildActionMask = 2147483647;
			files = (
			);
			runOnlyForDeploymentPostprocessing = 0;
		};
		70D05A141F3097F9003B18CB /* Frameworks */ = {
			isa = PBXFrameworksBuildPhase;
			buildActionMask = 2147483647;
			files = (
			);
			runOnlyForDeploymentPostprocessing = 0;
		};
		70D05A191F3097F9003B18CB /* Frameworks */ = {
			isa = PBXFrameworksBuildPhase;
			buildActionMask = 2147483647;
			files = (
			);
			runOnlyForDeploymentPostprocessing = 0;
		};
/* End PBXFrameworksBuildPhase section */

/* Begin PBXGroup section */
		70D05A051F3097F9003B18CB = {
			isa = PBXGroup;
			children = (
				70D05A1D1F3097F9003B18CB /* heistplanning */,
				70D05A121F3097F9003B18CB /* Products */,
			);
			sourceTree = "<group>";
		};
		70D05A121F3097F9003B18CB /* Products */ = {
			isa = PBXGroup;
			children = (
				70D05A111F3097F9003B18CB /* heistplanning */,
				70D05A171F3097F9003B18CB /* heistplanning (Using input.txt) */,
				70D05A1C1F3097F9003B18CB /* heistplanning (Using input.txt and output.txt) */,
			);
			name = Products;
			sourceTree = "<group>";
		};
		70D05A1D1F3097F9003B18CB /* heistplanning */ = {
			isa = PBXGroup;
			children = (
				70D05A1E1F3097F9003B18CB /* main.cpp */,
				70D05A221F3097F9003B18CB /* input.txt */,
				70D05A261F3097F9003B18CB /* expected_output.txt */,
			);
			path = heistplanning;
			sourceTree = "<group>";
		};
/* End PBXGroup section */

/* Begin PBXNativeTarget section */
		70D05A101F3097F9003B18CB /* heistplanning */ = {
			isa = PBXNativeTarget;
			buildConfigurationList = 70D05A2C1F3097F9003B18CB /* Build configuration list for PBXNativeTarget "heistplanning" */;
			buildPhases = (
				70D05A0A1F3097F9003B18CB /* Sources */,
				70D05A0B1F3097F9003B18CB /* Frameworks */,
				70D05A0C1F3097F9003B18CB /* CopyFiles */,
				70D05A0D1F3097F9003B18CB /* Sources */,
				70D05A0E1F3097F9003B18CB /* Frameworks */,
				70D05A0F1F3097F9003B18CB /* CopyFiles */,
			);
			buildRules = (
			);
			dependencies = (
			);
			name = heistplanning;
			productName = heistplanning;
			productReference = 70D05A111F3097F9003B18CB /* heistplanning */;
			productType = "com.apple.product-type.tool";
		};
		70D05A161F3097F9003B18CB /* heistplanning (Using input.txt) */ = {
			isa = PBXNativeTarget;
			buildConfigurationList = 70D05A2F1F3097F9003B18CB /* Build configuration list for PBXNativeTarget "heistplanning (Using input.txt)" */;
			buildPhases = (
				70D05A131F3097F9003B18CB /* Sources */,
				70D05A141F3097F9003B18CB /* Frameworks */,
				70D05A151F3097F9003B18CB /* CopyFiles */,
			);
			buildRules = (
			);
			dependencies = (
			);
			name = "heistplanning (Using input.txt)";
			productName = "heistplanning (Using input.txt)";
			productReference = 70D05A171F3097F9003B18CB /* heistplanning (Using input.txt) */;
			productType = "com.apple.product-type.tool";
		};
		70D05A1B1F3097F9003B18CB /* heistplanning (Using input.txt and output.txt) */ = {
			isa = PBXNativeTarget;
			buildConfigurationList = 70D05A321F3097F9003B18CB /* Build configuration list for PBXNativeTarget "heistplanning (Using input.txt and output.txt)" */;
			buildPhases = (
				70D05A181F3097F9003B18CB /* Sources */,
				70D05A191F3097F9003B18CB /* Frameworks */,
				70D05A1A1F3097F9003B18CB /* CopyFiles */,
			);
			buildRules = (
			);
			dependencies = (
			);
			name = "heistplanning (Using input.txt and output.txt)";
			productName = "heistplanning (Using input.txt and output.txt)";
			productReference = 70D05A1C1F3097F9003B18CB /* heistplanning (Using input.txt and output.txt) */;
			productType = "com.apple.product-type.tool";
		};
/* End PBXNativeTarget section */

/* Begin PBXProject section */
		70D05A061F3097F9003B18CB /* Project object */ = {
			isa = PBXProject;
			attributes = {
				LastUpgradeCheck = 0830;
				ORGANIZATIONNAME = "Alec Schneider";
				TargetAttributes = {
					70D05A101F3097F9003B18CB = {
						CreatedOnToolsVersion = 8.3;
						ProvisioningStyle = Automatic;
					};
					70D05A161F3097F9003B18CB = {
						CreatedOnToolsVersion = 8.3;
						ProvisioningStyle = Automatic;
					};
					70D05A1B1F3097F9003B18CB = {
						CreatedOnToolsVersion = 8.3;
						ProvisioningStyle = Automatic;
					};
				};
			};
			buildConfigurationList = 70D05A091F3097F9003B18CB /* Build configuration list for PBXProject "heistplanning" */;
			compatibilityVersion = "Xcode 3.2";
			developmentRegion = English;
			hasScannedForEncodings = 0;
			knownRegions = (
				en,
			);
			mainGroup = 70D05A051F3097F9003B18CB;
			productRefGroup = 70D05A121F3097F9003B18CB /* Products */;
			projectDirPath = "";
			projectRoot = "";
			targets = (
				70D05A101F3097F9003B18CB /* heistplanning */,
				70D05A161F3097F9003B18CB /* heistplanning (Using input.txt) */,
				70D05A1B1F3097F9003B18CB /* heistplanning (Using input.txt and output.txt) */,
			);
		};
/* End PBXProject section */

/* Begin PBXSourcesBuildPhase section */
		70D05A0A1F3097F9003B18CB /* Sources */ = {
			isa = PBXSourcesBuildPhase;
			buildActionMask = 2147483647;
			files = (
				70D05A1F1F3097F9003B18CB /* main.cpp in Sources */,
			);
			runOnlyForDeploymentPostprocessing = 0;
		};
		70D05A0D1F3097F9003B18CB /* Sources */ = {
			isa = PBXSourcesBuildPhase;
			buildActionMask = 2147483647;
			files = (
			);
			runOnlyForDeploymentPostprocessing = 0;
		};
		70D05A131F3097F9003B18CB /* Sources */ = {
			isa = PBXSourcesBuildPhase;
			buildActionMask = 2147483647;
			files = (
				70D05A201F3097F9003B18CB /* main.cpp in Sources */,
			);
			runOnlyForDeploymentPostprocessing = 0;
		};
		70D05A181F3097F9003B18CB /* Sources */ = {
			isa = PBXSourcesBuildPhase;
			buildActionMask = 2147483647;
			files = (
				70D05A211F3097F9003B18CB /* main.cpp in Sources */,
			);
			runOnlyForDeploymentPostprocessing = 0;
		};
/* End PBXSourcesBuildPhase section */

/* Begin XCBuildConfiguration section */
		70D05A2A1F3097F9003B18CB /* Debug */ = {
			isa = XCBuildConfiguration;
			buildSettings = {
				ALWAYS_SEARCH_USER_PATHS = NO;
				CLANG_ANALYZER_NONNULL = YES;
				CLANG_ANALYZER_NUMBER_OBJECT_CONVERSION = YES_AGGRESSIVE;
				CLANG_CXX_LANGUAGE_STANDARD = "gnu++0x";
				CLANG_CXX_LIBRARY = "libc++";
				CLANG_ENABLE_MODULES = YES;
				CLANG_ENABLE_OBJC_ARC = YES;
				CLANG_WARN_BOOL_CONVERSION = YES;
				CLANG_WARN_CONSTANT_CONVERSION = YES;
				CLANG_WARN_DIRECT_OBJC_ISA_USAGE = YES_ERROR;
				CLANG_WARN_DOCUMENTATION_COMMENTS = YES;
				CLANG_WARN_EMPTY_BODY = YES;
				CLANG_WARN_ENUM_CONVERSION = YES;
				CLANG_WARN_INFINITE_RECURSION = YES;
				CLANG_WARN_INT_CONVERSION = YES;
				CLANG_WARN_OBJC_ROOT_CLASS = YES_ERROR;
				CLANG_WARN_SUSPICIOUS_MOVE = YES;
				CLANG_WARN_UNREACHABLE_CODE = YES;
				CLANG_WARN__DUPLICATE_METHOD_MATCH = YES;
				CODE_SIGN_IDENTITY = "-";
				COPY_PHASE_STRIP = NO;
				DEBUG_INFORMATION_FORMAT = dwarf;
				ENABLE_STRICT_OBJC_MSGSEND = YES;
				ENABLE_TESTABILITY = YES;
				GCC_C_LANGUAGE_STANDARD = gnu99;
				GCC_DYNAMIC_NO_PIC = NO;
				GCC_NO_COMMON_BLOCKS = YES;
				GCC_OPTIMIZATION_LEVEL = 0;
				GCC_PREPROCESSOR_DEFINITIONS = (
					"DEBUG=1",
					"$(inherited)",
				);
				GCC_WARN_64_TO_32_BIT_CONVERSION = YES;
				GCC_WARN_ABOUT_RETURN_TYPE = YES_ERROR;
				GCC_WARN_UNDECLARED_SELECTOR = YES;
				GCC_WARN_UNINITIALIZED_AUTOS = YES_AGGRESSIVE;
				GCC_WARN_UNUSED_FUNCTION = YES;
				GCC_WARN_UNUSED_VARIABLE = YES;
				MACOSX_DEPLOYMENT_TARGET = 10.12;
				MTL_ENABLE_DEBUG_INFO = YES;
				ONLY_ACTIVE_ARCH = YES;
				SDKROOT = macosx;
			};
			name = Debug;
		};
		70D05A2B1F3097F9003B18CB /* Release */ = {
			isa = XCBuildConfiguration;
			buildSettings = {
				ALWAYS_SEARCH_USER_PATHS = NO;
				CLANG_ANALYZER_NONNULL = YES;
				CLANG_ANALYZER_NUMBER_OBJECT_CONVERSION = YES_AGGRESSIVE;
				CLANG_CXX_LANGUAGE_STANDARD = "gnu++0x";
				CLANG_CXX_LIBRARY = "libc++";
				CLANG_ENABLE_MODULES = YES;
				CLANG_ENABLE_OBJC_ARC = YES;
				CLANG_WARN_BOOL_CONVERSION = YES;
				CLANG_WARN_CONSTANT_CONVERSION = YES;
				CLANG_WARN_DIRECT_OBJC_ISA_USAGE = YES_ERROR;
				CLANG_WARN_DOCUMENTATION_COMMENTS = YES;
				CLANG_WARN_EMPTY_BODY = YES;
				CLANG_WARN_ENUM_CONVERSION = YES;
				CLANG_WARN_INFINITE_RECURSION = YES;
				CLANG_WARN_INT_CONVERSION = YES;
				CLANG_WARN_OBJC_ROOT_CLASS = YES_ERROR;
				CLANG_WARN_SUSPICIOUS_MOVE = YES;
				CLANG_WARN_UNREACHABLE_CODE = YES;
				CLANG_WARN__DUPLICATE_METHOD_MATCH = YES;
				CODE_SIGN_IDENTITY = "-";
				COPY_PHASE_STRIP = NO;
				DEBUG_INFORMATION_FORMAT = "dwarf-with-dsym";
				ENABLE_NS_ASSERTIONS = NO;
				ENABLE_STRICT_OBJC_MSGSEND = YES;
				GCC_C_LANGUAGE_STANDARD = gnu99;
				GCC_NO_COMMON_BLOCKS = YES;
				GCC_WARN_64_TO_32_BIT_CONVERSION = YES;
				GCC_WARN_ABOUT_RETURN_TYPE = YES_ERROR;
				GCC_WARN_UNDECLARED_SELECTOR = YES;
				GCC_WARN_UNINITIALIZED_AUTOS = YES_AGGRESSIVE;
				GCC_WARN_UNUSED_FUNCTION = YES;
				GCC_WARN_UNUSED_VARIABLE = YES;
				MACOSX_DEPLOYMENT_TARGET = 10.12;
				MTL_ENABLE_DEBUG_INFO = NO;
				SDKROOT = macosx;
			};
			name = Release;
		};
		70D05A2D1F3097F9003B18CB /* Debug */ = {
			isa = XCBuildConfiguration;
			buildSettings = {
				PRODUCT_NAME = "$(TARGET_NAME)";
			};
			name = Debug;
		};
		70D05A2E1F3097F9003B18CB /* Release */ = {
			isa = XCBuildConfiguration;
			buildSettings = {
				PRODUCT_NAME = "$(TARGET_NAME)";
			};
			name = Release;
		};
		70D05A301F3097F9003B18CB /* Debug */ = {
			isa = XCBuildConfiguration;
			buildSettings = {
				GCC_PREPROCESSOR_DEFINITIONS = (
					"USE_INPUT_FILE=1",
					"$(inherited)",
				);
				PRODUCT_NAME = "$(TARGET_NAME)";
			};
			name = Debug;
		};
		70D05A311F3097F9003B18CB /* Release */ = {
			isa = XCBuildConfiguration;
			buildSettings = {
				PRODUCT_NAME = "$(TARGET_NAME)";
			};
			name = Release;
		};
		70D05A331F3097F9003B18CB /* Debug */ = {
			isa = XCBuildConfiguration;
			buildSettings = {
				GCC_PREPROCESSOR_DEFINITIONS = (
					"USE_INPUT_FILE=1",
					"USE_OUTPUT_FILE=1",
					"$(inherited)",
				);
				PRODUCT_NAME = "$(TARGET_NAME)";
			};
			name = Debug;
		};
		70D05A341F3097F9003B18CB /* Release */ = {
			isa = XCBuildConfiguration;
			buildSettings = {
				PRODUCT_NAME = "$(TARGET_NAME)";
			};
			name = Release;
		};
/* End XCBuildConfiguration section */

/* Begin XCConfigurationList section */
		70D05A091F3097F9003B18CB /* Build configuration list for PBXProject "heistplanning" */ = {
			isa = XCConfigurationList;
			buildConfigurations = (
				70D05A2A1F3097F9003B18CB /* Debug */,
				70D05A2B1F3097F9003B18CB /* Release */,
			);
			defaultConfigurationIsVisible = 0;
			defaultConfigurationName = Release;
		};
		70D05A2C1F3097F9003B18CB /* Build configuration list for PBXNativeTarget "heistplanning" */ = {
			isa = XCConfigurationList;
			buildConfigurations = (
				70D05A2D1F3097F9003B18CB /* Debug */,
				70D05A2E1F3097F9003B18CB /* Release */,
			);
			defaultConfigurationIsVisible = 0;
		};
		70D05A2F1F3097F9003B18CB /* Build configuration list for PBXNativeTarget "heistplanning (Using input.txt)" */ = {
			isa = XCConfigurationList;
			buildConfigurations = (
				70D05A301F3097F9003B18CB /* Debug */,
				70D05A311F3097F9003B18CB /* Release */,
			);
			defaultConfigurationIsVisible = 0;
		};
		70D05A321F3097F9003B18CB /* Build configuration list for PBXNativeTarget "heistplanning (Using input.txt and output.txt)" */ = {
			isa = XCConfigurationList;
			buildConfigurations = (
				70D05A331F3097F9003B18CB /* Debug */,
				70D05A341F3097F9003B18CB /* Release */,
			);
			defaultConfigurationIsVisible = 0;
		};
/* End XCConfigurationList section */
	};
	rootObject = 70D05A061F3097F9003B18CB /* Project object */;
}
