// !$*UTF8*$!
{
	archiveVersion = 1;
	classes = {
	};
	objectVersion = 46;
	objects = {

/* Begin PBXBuildFile section */
		7042F9921F14F27C000EB196 /* main.cpp in Sources */ = {isa = PBXBuildFile; fileRef = 7042F9911F14F27C000EB196 /* main.cpp */; };
		7042F9931F14F27C000EB196 /* main.cpp in Sources */ = {isa = PBXBuildFile; fileRef = 7042F9911F14F27C000EB196 /* main.cpp */; };
		7042F9941F14F27C000EB196 /* main.cpp in Sources */ = {isa = PBXBuildFile; fileRef = 7042F9911F14F27C000EB196 /* main.cpp */; };
		7042F9961F14F27C000EB196 /* input.txt in CopyFiles */ = {isa = PBXBuildFile; fileRef = 7042F9951F14F27C000EB196 /* input.txt */; };
		7042F9971F14F27C000EB196 /* input.txt in CopyFiles */ = {isa = PBXBuildFile; fileRef = 7042F9951F14F27C000EB196 /* input.txt */; };
		7042F9981F14F27C000EB196 /* input.txt in CopyFiles */ = {isa = PBXBuildFile; fileRef = 7042F9951F14F27C000EB196 /* input.txt */; };
		7042F99A1F14F27C000EB196 /* expected_output.txt in CopyFiles */ = {isa = PBXBuildFile; fileRef = 7042F9991F14F27C000EB196 /* expected_output.txt */; };
		7042F99B1F14F27C000EB196 /* expected_output.txt in CopyFiles */ = {isa = PBXBuildFile; fileRef = 7042F9991F14F27C000EB196 /* expected_output.txt */; };
		7042F99C1F14F27C000EB196 /* expected_output.txt in CopyFiles */ = {isa = PBXBuildFile; fileRef = 7042F9991F14F27C000EB196 /* expected_output.txt */; };
/* End PBXBuildFile section */

/* Begin PBXCopyFilesBuildPhase section */
		7042F97F1F14F27C000EB196 /* CopyFiles */ = {
			isa = PBXCopyFilesBuildPhase;
			buildActionMask = 2147483647;
			dstPath = "";
			dstSubfolderSpec = 16;
			files = (
				7042F9961F14F27C000EB196 /* input.txt in CopyFiles */,
				7042F99A1F14F27C000EB196 /* expected_output.txt in CopyFiles */,
			);
			runOnlyForDeploymentPostprocessing = 0;
		};
		7042F9821F14F27C000EB196 /* CopyFiles */ = {
			isa = PBXCopyFilesBuildPhase;
			buildActionMask = 2147483647;
			dstPath = "";
			dstSubfolderSpec = 16;
			files = (
			);
			runOnlyForDeploymentPostprocessing = 0;
		};
		7042F9881F14F27C000EB196 /* CopyFiles */ = {
			isa = PBXCopyFilesBuildPhase;
			buildActionMask = 2147483647;
			dstPath = "";
			dstSubfolderSpec = 16;
			files = (
				7042F9971F14F27C000EB196 /* input.txt in CopyFiles */,
				7042F99B1F14F27C000EB196 /* expected_output.txt in CopyFiles */,
			);
			runOnlyForDeploymentPostprocessing = 0;
		};
		7042F98D1F14F27C000EB196 /* CopyFiles */ = {
			isa = PBXCopyFilesBuildPhase;
			buildActionMask = 2147483647;
			dstPath = "";
			dstSubfolderSpec = 16;
			files = (
				7042F9981F14F27C000EB196 /* input.txt in CopyFiles */,
				7042F99C1F14F27C000EB196 /* expected_output.txt in CopyFiles */,
			);
			runOnlyForDeploymentPostprocessing = 0;
		};
/* End PBXCopyFilesBuildPhase section */

/* Begin PBXFileReference section */
		7042F9841F14F27C000EB196 /* sculpture */ = {isa = PBXFileReference; explicitFileType = "compiled.mach-o.executable"; includeInIndex = 0; path = sculpture; sourceTree = BUILT_PRODUCTS_DIR; };
		7042F98A1F14F27C000EB196 /* sculpture (Using input.txt) */ = {isa = PBXFileReference; explicitFileType = "compiled.mach-o.executable"; includeInIndex = 0; path = "sculpture (Using input.txt)"; sourceTree = BUILT_PRODUCTS_DIR; };
		7042F98F1F14F27C000EB196 /* sculpture (Using input.txt and output.txt) */ = {isa = PBXFileReference; explicitFileType = "compiled.mach-o.executable"; includeInIndex = 0; path = "sculpture (Using input.txt and output.txt)"; sourceTree = BUILT_PRODUCTS_DIR; };
		7042F9911F14F27C000EB196 /* main.cpp */ = {isa = PBXFileReference; lastKnownFileType = sourcecode.cpp.cpp; path = main.cpp; sourceTree = "<group>"; };
		7042F9951F14F27C000EB196 /* input.txt */ = {isa = PBXFileReference; lastKnownFileType = text; path = input.txt; sourceTree = "<group>"; };
		7042F9991F14F27C000EB196 /* expected_output.txt */ = {isa = PBXFileReference; lastKnownFileType = text; path = expected_output.txt; sourceTree = "<group>"; };
/* End PBXFileReference section */

/* Begin PBXFrameworksBuildPhase section */
		7042F97E1F14F27C000EB196 /* Frameworks */ = {
			isa = PBXFrameworksBuildPhase;
			buildActionMask = 2147483647;
			files = (
			);
			runOnlyForDeploymentPostprocessing = 0;
		};
		7042F9811F14F27C000EB196 /* Frameworks */ = {
			isa = PBXFrameworksBuildPhase;
			buildActionMask = 2147483647;
			files = (
			);
			runOnlyForDeploymentPostprocessing = 0;
		};
		7042F9871F14F27C000EB196 /* Frameworks */ = {
			isa = PBXFrameworksBuildPhase;
			buildActionMask = 2147483647;
			files = (
			);
			runOnlyForDeploymentPostprocessing = 0;
		};
		7042F98C1F14F27C000EB196 /* Frameworks */ = {
			isa = PBXFrameworksBuildPhase;
			buildActionMask = 2147483647;
			files = (
			);
			runOnlyForDeploymentPostprocessing = 0;
		};
/* End PBXFrameworksBuildPhase section */

/* Begin PBXGroup section */
		7042F9781F14F27C000EB196 = {
			isa = PBXGroup;
			children = (
				7042F9901F14F27C000EB196 /* sculpture */,
				7042F9851F14F27C000EB196 /* Products */,
			);
			sourceTree = "<group>";
		};
		7042F9851F14F27C000EB196 /* Products */ = {
			isa = PBXGroup;
			children = (
				7042F9841F14F27C000EB196 /* sculpture */,
				7042F98A1F14F27C000EB196 /* sculpture (Using input.txt) */,
				7042F98F1F14F27C000EB196 /* sculpture (Using input.txt and output.txt) */,
			);
			name = Products;
			sourceTree = "<group>";
		};
		7042F9901F14F27C000EB196 /* sculpture */ = {
			isa = PBXGroup;
			children = (
				7042F9911F14F27C000EB196 /* main.cpp */,
				7042F9951F14F27C000EB196 /* input.txt */,
				7042F9991F14F27C000EB196 /* expected_output.txt */,
			);
			path = sculpture;
			sourceTree = "<group>";
		};
/* End PBXGroup section */

/* Begin PBXNativeTarget section */
		7042F9831F14F27C000EB196 /* sculpture */ = {
			isa = PBXNativeTarget;
			buildConfigurationList = 7042F99F1F14F27C000EB196 /* Build configuration list for PBXNativeTarget "sculpture" */;
			buildPhases = (
				7042F97D1F14F27C000EB196 /* Sources */,
				7042F97E1F14F27C000EB196 /* Frameworks */,
				7042F97F1F14F27C000EB196 /* CopyFiles */,
				7042F9801F14F27C000EB196 /* Sources */,
				7042F9811F14F27C000EB196 /* Frameworks */,
				7042F9821F14F27C000EB196 /* CopyFiles */,
			);
			buildRules = (
			);
			dependencies = (
			);
			name = sculpture;
			productName = sculpture;
			productReference = 7042F9841F14F27C000EB196 /* sculpture */;
			productType = "com.apple.product-type.tool";
		};
		7042F9891F14F27C000EB196 /* sculpture (Using input.txt) */ = {
			isa = PBXNativeTarget;
			buildConfigurationList = 7042F9A21F14F27C000EB196 /* Build configuration list for PBXNativeTarget "sculpture (Using input.txt)" */;
			buildPhases = (
				7042F9861F14F27C000EB196 /* Sources */,
				7042F9871F14F27C000EB196 /* Frameworks */,
				7042F9881F14F27C000EB196 /* CopyFiles */,
			);
			buildRules = (
			);
			dependencies = (
			);
			name = "sculpture (Using input.txt)";
			productName = "sculpture (Using input.txt)";
			productReference = 7042F98A1F14F27C000EB196 /* sculpture (Using input.txt) */;
			productType = "com.apple.product-type.tool";
		};
		7042F98E1F14F27C000EB196 /* sculpture (Using input.txt and output.txt) */ = {
			isa = PBXNativeTarget;
			buildConfigurationList = 7042F9A51F14F27C000EB196 /* Build configuration list for PBXNativeTarget "sculpture (Using input.txt and output.txt)" */;
			buildPhases = (
				7042F98B1F14F27C000EB196 /* Sources */,
				7042F98C1F14F27C000EB196 /* Frameworks */,
				7042F98D1F14F27C000EB196 /* CopyFiles */,
			);
			buildRules = (
			);
			dependencies = (
			);
			name = "sculpture (Using input.txt and output.txt)";
			productName = "sculpture (Using input.txt and output.txt)";
			productReference = 7042F98F1F14F27C000EB196 /* sculpture (Using input.txt and output.txt) */;
			productType = "com.apple.product-type.tool";
		};
/* End PBXNativeTarget section */

/* Begin PBXProject section */
		7042F9791F14F27C000EB196 /* Project object */ = {
			isa = PBXProject;
			attributes = {
				LastUpgradeCheck = 0830;
				ORGANIZATIONNAME = "Alec Schneider";
				TargetAttributes = {
					7042F9831F14F27C000EB196 = {
						CreatedOnToolsVersion = 8.3;
						ProvisioningStyle = Automatic;
					};
					7042F9891F14F27C000EB196 = {
						CreatedOnToolsVersion = 8.3;
						ProvisioningStyle = Automatic;
					};
					7042F98E1F14F27C000EB196 = {
						CreatedOnToolsVersion = 8.3;
						ProvisioningStyle = Automatic;
					};
				};
			};
			buildConfigurationList = 7042F97C1F14F27C000EB196 /* Build configuration list for PBXProject "sculpture" */;
			compatibilityVersion = "Xcode 3.2";
			developmentRegion = English;
			hasScannedForEncodings = 0;
			knownRegions = (
				en,
			);
			mainGroup = 7042F9781F14F27C000EB196;
			productRefGroup = 7042F9851F14F27C000EB196 /* Products */;
			projectDirPath = "";
			projectRoot = "";
			targets = (
				7042F9831F14F27C000EB196 /* sculpture */,
				7042F9891F14F27C000EB196 /* sculpture (Using input.txt) */,
				7042F98E1F14F27C000EB196 /* sculpture (Using input.txt and output.txt) */,
			);
		};
/* End PBXProject section */

/* Begin PBXSourcesBuildPhase section */
		7042F97D1F14F27C000EB196 /* Sources */ = {
			isa = PBXSourcesBuildPhase;
			buildActionMask = 2147483647;
			files = (
				7042F9921F14F27C000EB196 /* main.cpp in Sources */,
			);
			runOnlyForDeploymentPostprocessing = 0;
		};
		7042F9801F14F27C000EB196 /* Sources */ = {
			isa = PBXSourcesBuildPhase;
			buildActionMask = 2147483647;
			files = (
			);
			runOnlyForDeploymentPostprocessing = 0;
		};
		7042F9861F14F27C000EB196 /* Sources */ = {
			isa = PBXSourcesBuildPhase;
			buildActionMask = 2147483647;
			files = (
				7042F9931F14F27C000EB196 /* main.cpp in Sources */,
			);
			runOnlyForDeploymentPostprocessing = 0;
		};
		7042F98B1F14F27C000EB196 /* Sources */ = {
			isa = PBXSourcesBuildPhase;
			buildActionMask = 2147483647;
			files = (
				7042F9941F14F27C000EB196 /* main.cpp in Sources */,
			);
			runOnlyForDeploymentPostprocessing = 0;
		};
/* End PBXSourcesBuildPhase section */

/* Begin XCBuildConfiguration section */
		7042F99D1F14F27C000EB196 /* Debug */ = {
			isa = XCBuildConfiguration;
			buildSettings = {
				ALWAYS_SEARCH_USER_PATHS = NO;
				CLANG_ANALYZER_NONNULL = YES;
				CLANG_ANALYZER_NUMBER_OBJECT_CONVERSION = YES_AGGRESSIVE;
				CLANG_CXX_LANGUAGE_STANDARD = "gnu++0x";
				CLANG_CXX_LIBRARY = "libc++";
				CLANG_ENABLE_MODULES = YES;
				CLANG_ENABLE_OBJC_ARC = YES;
				CLANG_WARN_BOOL_CONVERSION = YES;
				CLANG_WARN_CONSTANT_CONVERSION = YES;
				CLANG_WARN_DIRECT_OBJC_ISA_USAGE = YES_ERROR;
				CLANG_WARN_DOCUMENTATION_COMMENTS = YES;
				CLANG_WARN_EMPTY_BODY = YES;
				CLANG_WARN_ENUM_CONVERSION = YES;
				CLANG_WARN_INFINITE_RECURSION = YES;
				CLANG_WARN_INT_CONVERSION = YES;
				CLANG_WARN_OBJC_ROOT_CLASS = YES_ERROR;
				CLANG_WARN_SUSPICIOUS_MOVE = YES;
				CLANG_WARN_UNREACHABLE_CODE = YES;
				CLANG_WARN__DUPLICATE_METHOD_MATCH = YES;
				CODE_SIGN_IDENTITY = "-";
				COPY_PHASE_STRIP = NO;
				DEBUG_INFORMATION_FORMAT = dwarf;
				ENABLE_STRICT_OBJC_MSGSEND = YES;
				ENABLE_TESTABILITY = YES;
				GCC_C_LANGUAGE_STANDARD = gnu99;
				GCC_DYNAMIC_NO_PIC = NO;
				GCC_NO_COMMON_BLOCKS = YES;
				GCC_OPTIMIZATION_LEVEL = 0;
				GCC_PREPROCESSOR_DEFINITIONS = (
					"DEBUG=1",
					"$(inherited)",
				);
				GCC_WARN_64_TO_32_BIT_CONVERSION = YES;
				GCC_WARN_ABOUT_RETURN_TYPE = YES_ERROR;
				GCC_WARN_UNDECLARED_SELECTOR = YES;
				GCC_WARN_UNINITIALIZED_AUTOS = YES_AGGRESSIVE;
				GCC_WARN_UNUSED_FUNCTION = YES;
				GCC_WARN_UNUSED_VARIABLE = YES;
				MACOSX_DEPLOYMENT_TARGET = 10.12;
				MTL_ENABLE_DEBUG_INFO = YES;
				ONLY_ACTIVE_ARCH = YES;
				SDKROOT = macosx;
			};
			name = Debug;
		};
		7042F99E1F14F27C000EB196 /* Release */ = {
			isa = XCBuildConfiguration;
			buildSettings = {
				ALWAYS_SEARCH_USER_PATHS = NO;
				CLANG_ANALYZER_NONNULL = YES;
				CLANG_ANALYZER_NUMBER_OBJECT_CONVERSION = YES_AGGRESSIVE;
				CLANG_CXX_LANGUAGE_STANDARD = "gnu++0x";
				CLANG_CXX_LIBRARY = "libc++";
				CLANG_ENABLE_MODULES = YES;
				CLANG_ENABLE_OBJC_ARC = YES;
				CLANG_WARN_BOOL_CONVERSION = YES;
				CLANG_WARN_CONSTANT_CONVERSION = YES;
				CLANG_WARN_DIRECT_OBJC_ISA_USAGE = YES_ERROR;
				CLANG_WARN_DOCUMENTATION_COMMENTS = YES;
				CLANG_WARN_EMPTY_BODY = YES;
				CLANG_WARN_ENUM_CONVERSION = YES;
				CLANG_WARN_INFINITE_RECURSION = YES;
				CLANG_WARN_INT_CONVERSION = YES;
				CLANG_WARN_OBJC_ROOT_CLASS = YES_ERROR;
				CLANG_WARN_SUSPICIOUS_MOVE = YES;
				CLANG_WARN_UNREACHABLE_CODE = YES;
				CLANG_WARN__DUPLICATE_METHOD_MATCH = YES;
				CODE_SIGN_IDENTITY = "-";
				COPY_PHASE_STRIP = NO;
				DEBUG_INFORMATION_FORMAT = "dwarf-with-dsym";
				ENABLE_NS_ASSERTIONS = NO;
				ENABLE_STRICT_OBJC_MSGSEND = YES;
				GCC_C_LANGUAGE_STANDARD = gnu99;
				GCC_NO_COMMON_BLOCKS = YES;
				GCC_WARN_64_TO_32_BIT_CONVERSION = YES;
				GCC_WARN_ABOUT_RETURN_TYPE = YES_ERROR;
				GCC_WARN_UNDECLARED_SELECTOR = YES;
				GCC_WARN_UNINITIALIZED_AUTOS = YES_AGGRESSIVE;
				GCC_WARN_UNUSED_FUNCTION = YES;
				GCC_WARN_UNUSED_VARIABLE = YES;
				MACOSX_DEPLOYMENT_TARGET = 10.12;
				MTL_ENABLE_DEBUG_INFO = NO;
				SDKROOT = macosx;
			};
			name = Release;
		};
		7042F9A01F14F27C000EB196 /* Debug */ = {
			isa = XCBuildConfiguration;
			buildSettings = {
				PRODUCT_NAME = "$(TARGET_NAME)";
			};
			name = Debug;
		};
		7042F9A11F14F27C000EB196 /* Release */ = {
			isa = XCBuildConfiguration;
			buildSettings = {
				PRODUCT_NAME = "$(TARGET_NAME)";
			};
			name = Release;
		};
		7042F9A31F14F27C000EB196 /* Debug */ = {
			isa = XCBuildConfiguration;
			buildSettings = {
				GCC_PREPROCESSOR_DEFINITIONS = (
					"USE_INPUT_FILE=1",
					"$(inherited)",
				);
				PRODUCT_NAME = "$(TARGET_NAME)";
			};
			name = Debug;
		};
		7042F9A41F14F27C000EB196 /* Release */ = {
			isa = XCBuildConfiguration;
			buildSettings = {
				PRODUCT_NAME = "$(TARGET_NAME)";
			};
			name = Release;
		};
		7042F9A61F14F27C000EB196 /* Debug */ = {
			isa = XCBuildConfiguration;
			buildSettings = {
				GCC_PREPROCESSOR_DEFINITIONS = (
					"USE_INPUT_FILE=1",
					"USE_OUTPUT_FILE=1",
					"$(inherited)",
				);
				PRODUCT_NAME = "$(TARGET_NAME)";
			};
			name = Debug;
		};
		7042F9A71F14F27C000EB196 /* Release */ = {
			isa = XCBuildConfiguration;
			buildSettings = {
				PRODUCT_NAME = "$(TARGET_NAME)";
			};
			name = Release;
		};
/* End XCBuildConfiguration section */

/* Begin XCConfigurationList section */
		7042F97C1F14F27C000EB196 /* Build configuration list for PBXProject "sculpture" */ = {
			isa = XCConfigurationList;
			buildConfigurations = (
				7042F99D1F14F27C000EB196 /* Debug */,
				7042F99E1F14F27C000EB196 /* Release */,
			);
			defaultConfigurationIsVisible = 0;
			defaultConfigurationName = Release;
		};
		7042F99F1F14F27C000EB196 /* Build configuration list for PBXNativeTarget "sculpture" */ = {
			isa = XCConfigurationList;
			buildConfigurations = (
				7042F9A01F14F27C000EB196 /* Debug */,
				7042F9A11F14F27C000EB196 /* Release */,
			);
			defaultConfigurationIsVisible = 0;
		};
		7042F9A21F14F27C000EB196 /* Build configuration list for PBXNativeTarget "sculpture (Using input.txt)" */ = {
			isa = XCConfigurationList;
			buildConfigurations = (
				7042F9A31F14F27C000EB196 /* Debug */,
				7042F9A41F14F27C000EB196 /* Release */,
			);
			defaultConfigurationIsVisible = 0;
		};
		7042F9A51F14F27C000EB196 /* Build configuration list for PBXNativeTarget "sculpture (Using input.txt and output.txt)" */ = {
			isa = XCConfigurationList;
			buildConfigurations = (
				7042F9A61F14F27C000EB196 /* Debug */,
				7042F9A71F14F27C000EB196 /* Release */,
			);
			defaultConfigurationIsVisible = 0;
		};
/* End XCConfigurationList section */
	};
	rootObject = 7042F9791F14F27C000EB196 /* Project object */;
}
