// !$*UTF8*$!
{
	archiveVersion = 1;
	classes = {
	};
	objectVersion = 46;
	objects = {

/* Begin PBXBuildFile section */
		705315DD1EAFB9630055D088 /* main.cpp in Sources */ = {isa = PBXBuildFile; fileRef = 705315DC1EAFB9630055D088 /* main.cpp */; };
		705315DE1EAFB9630055D088 /* main.cpp in Sources */ = {isa = PBXBuildFile; fileRef = 705315DC1EAFB9630055D088 /* main.cpp */; };
		705315DF1EAFB9630055D088 /* main.cpp in Sources */ = {isa = PBXBuildFile; fileRef = 705315DC1EAFB9630055D088 /* main.cpp */; };
		705315E11EAFB9630055D088 /* input.txt in CopyFiles */ = {isa = PBXBuildFile; fileRef = 705315E01EAFB9630055D088 /* input.txt */; };
		705315E21EAFB9630055D088 /* input.txt in CopyFiles */ = {isa = PBXBuildFile; fileRef = 705315E01EAFB9630055D088 /* input.txt */; };
		705315E31EAFB9630055D088 /* input.txt in CopyFiles */ = {isa = PBXBuildFile; fileRef = 705315E01EAFB9630055D088 /* input.txt */; };
		705315E51EAFB9630055D088 /* expected_output.txt in CopyFiles */ = {isa = PBXBuildFile; fileRef = 705315E41EAFB9630055D088 /* expected_output.txt */; };
		705315E61EAFB9630055D088 /* expected_output.txt in CopyFiles */ = {isa = PBXBuildFile; fileRef = 705315E41EAFB9630055D088 /* expected_output.txt */; };
		705315E71EAFB9630055D088 /* expected_output.txt in CopyFiles */ = {isa = PBXBuildFile; fileRef = 705315E41EAFB9630055D088 /* expected_output.txt */; };
/* End PBXBuildFile section */

/* Begin PBXCopyFilesBuildPhase section */
		705315CA1EAFB9630055D088 /* CopyFiles */ = {
			isa = PBXCopyFilesBuildPhase;
			buildActionMask = 2147483647;
			dstPath = "";
			dstSubfolderSpec = 16;
			files = (
				705315E11EAFB9630055D088 /* input.txt in CopyFiles */,
				705315E51EAFB9630055D088 /* expected_output.txt in CopyFiles */,
			);
			runOnlyForDeploymentPostprocessing = 0;
		};
		705315CD1EAFB9630055D088 /* CopyFiles */ = {
			isa = PBXCopyFilesBuildPhase;
			buildActionMask = 2147483647;
			dstPath = "";
			dstSubfolderSpec = 16;
			files = (
			);
			runOnlyForDeploymentPostprocessing = 0;
		};
		705315D31EAFB9630055D088 /* CopyFiles */ = {
			isa = PBXCopyFilesBuildPhase;
			buildActionMask = 2147483647;
			dstPath = "";
			dstSubfolderSpec = 16;
			files = (
				705315E21EAFB9630055D088 /* input.txt in CopyFiles */,
				705315E61EAFB9630055D088 /* expected_output.txt in CopyFiles */,
			);
			runOnlyForDeploymentPostprocessing = 0;
		};
		705315D81EAFB9630055D088 /* CopyFiles */ = {
			isa = PBXCopyFilesBuildPhase;
			buildActionMask = 2147483647;
			dstPath = "";
			dstSubfolderSpec = 16;
			files = (
				705315E31EAFB9630055D088 /* input.txt in CopyFiles */,
				705315E71EAFB9630055D088 /* expected_output.txt in CopyFiles */,
			);
			runOnlyForDeploymentPostprocessing = 0;
		};
/* End PBXCopyFilesBuildPhase section */

/* Begin PBXFileReference section */
		705315CF1EAFB9630055D088 /* palindrome */ = {isa = PBXFileReference; explicitFileType = "compiled.mach-o.executable"; includeInIndex = 0; path = palindrome; sourceTree = BUILT_PRODUCTS_DIR; };
		705315D51EAFB9630055D088 /* palindrome (Using input.txt) */ = {isa = PBXFileReference; explicitFileType = "compiled.mach-o.executable"; includeInIndex = 0; path = "palindrome (Using input.txt)"; sourceTree = BUILT_PRODUCTS_DIR; };
		705315DA1EAFB9630055D088 /* palindrome (Using input.txt and output.txt) */ = {isa = PBXFileReference; explicitFileType = "compiled.mach-o.executable"; includeInIndex = 0; path = "palindrome (Using input.txt and output.txt)"; sourceTree = BUILT_PRODUCTS_DIR; };
		705315DC1EAFB9630055D088 /* main.cpp */ = {isa = PBXFileReference; lastKnownFileType = sourcecode.cpp.cpp; path = main.cpp; sourceTree = "<group>"; };
		705315E01EAFB9630055D088 /* input.txt */ = {isa = PBXFileReference; lastKnownFileType = text; path = input.txt; sourceTree = "<group>"; };
		705315E41EAFB9630055D088 /* expected_output.txt */ = {isa = PBXFileReference; lastKnownFileType = text; path = expected_output.txt; sourceTree = "<group>"; };
/* End PBXFileReference section */

/* Begin PBXFrameworksBuildPhase section */
		705315C91EAFB9630055D088 /* Frameworks */ = {
			isa = PBXFrameworksBuildPhase;
			buildActionMask = 2147483647;
			files = (
			);
			runOnlyForDeploymentPostprocessing = 0;
		};
		705315CC1EAFB9630055D088 /* Frameworks */ = {
			isa = PBXFrameworksBuildPhase;
			buildActionMask = 2147483647;
			files = (
			);
			runOnlyForDeploymentPostprocessing = 0;
		};
		705315D21EAFB9630055D088 /* Frameworks */ = {
			isa = PBXFrameworksBuildPhase;
			buildActionMask = 2147483647;
			files = (
			);
			runOnlyForDeploymentPostprocessing = 0;
		};
		705315D71EAFB9630055D088 /* Frameworks */ = {
			isa = PBXFrameworksBuildPhase;
			buildActionMask = 2147483647;
			files = (
			);
			runOnlyForDeploymentPostprocessing = 0;
		};
/* End PBXFrameworksBuildPhase section */

/* Begin PBXGroup section */
		705315C31EAFB9630055D088 = {
			isa = PBXGroup;
			children = (
				705315DB1EAFB9630055D088 /* palindrome */,
				705315D01EAFB9630055D088 /* Products */,
			);
			sourceTree = "<group>";
		};
		705315D01EAFB9630055D088 /* Products */ = {
			isa = PBXGroup;
			children = (
				705315CF1EAFB9630055D088 /* palindrome */,
				705315D51EAFB9630055D088 /* palindrome (Using input.txt) */,
				705315DA1EAFB9630055D088 /* palindrome (Using input.txt and output.txt) */,
			);
			name = Products;
			sourceTree = "<group>";
		};
		705315DB1EAFB9630055D088 /* palindrome */ = {
			isa = PBXGroup;
			children = (
				705315DC1EAFB9630055D088 /* main.cpp */,
				705315E01EAFB9630055D088 /* input.txt */,
				705315E41EAFB9630055D088 /* expected_output.txt */,
			);
			path = palindrome;
			sourceTree = "<group>";
		};
/* End PBXGroup section */

/* Begin PBXNativeTarget section */
		705315CE1EAFB9630055D088 /* palindrome */ = {
			isa = PBXNativeTarget;
			buildConfigurationList = 705315EA1EAFB9630055D088 /* Build configuration list for PBXNativeTarget "palindrome" */;
			buildPhases = (
				705315C81EAFB9630055D088 /* Sources */,
				705315C91EAFB9630055D088 /* Frameworks */,
				705315CA1EAFB9630055D088 /* CopyFiles */,
				705315CB1EAFB9630055D088 /* Sources */,
				705315CC1EAFB9630055D088 /* Frameworks */,
				705315CD1EAFB9630055D088 /* CopyFiles */,
			);
			buildRules = (
			);
			dependencies = (
			);
			name = palindrome;
			productName = palindrome;
			productReference = 705315CF1EAFB9630055D088 /* palindrome */;
			productType = "com.apple.product-type.tool";
		};
		705315D41EAFB9630055D088 /* palindrome (Using input.txt) */ = {
			isa = PBXNativeTarget;
			buildConfigurationList = 705315ED1EAFB9630055D088 /* Build configuration list for PBXNativeTarget "palindrome (Using input.txt)" */;
			buildPhases = (
				705315D11EAFB9630055D088 /* Sources */,
				705315D21EAFB9630055D088 /* Frameworks */,
				705315D31EAFB9630055D088 /* CopyFiles */,
			);
			buildRules = (
			);
			dependencies = (
			);
			name = "palindrome (Using input.txt)";
			productName = "palindrome (Using input.txt)";
			productReference = 705315D51EAFB9630055D088 /* palindrome (Using input.txt) */;
			productType = "com.apple.product-type.tool";
		};
		705315D91EAFB9630055D088 /* palindrome (Using input.txt and output.txt) */ = {
			isa = PBXNativeTarget;
			buildConfigurationList = 705315F01EAFB9630055D088 /* Build configuration list for PBXNativeTarget "palindrome (Using input.txt and output.txt)" */;
			buildPhases = (
				705315D61EAFB9630055D088 /* Sources */,
				705315D71EAFB9630055D088 /* Frameworks */,
				705315D81EAFB9630055D088 /* CopyFiles */,
			);
			buildRules = (
			);
			dependencies = (
			);
			name = "palindrome (Using input.txt and output.txt)";
			productName = "palindrome (Using input.txt and output.txt)";
			productReference = 705315DA1EAFB9630055D088 /* palindrome (Using input.txt and output.txt) */;
			productType = "com.apple.product-type.tool";
		};
/* End PBXNativeTarget section */

/* Begin PBXProject section */
		705315C41EAFB9630055D088 /* Project object */ = {
			isa = PBXProject;
			attributes = {
				LastUpgradeCheck = 0830;
				ORGANIZATIONNAME = "Alec Schneider";
				TargetAttributes = {
					705315CE1EAFB9630055D088 = {
						CreatedOnToolsVersion = 8.3;
						ProvisioningStyle = Automatic;
					};
					705315D41EAFB9630055D088 = {
						CreatedOnToolsVersion = 8.3;
						ProvisioningStyle = Automatic;
					};
					705315D91EAFB9630055D088 = {
						CreatedOnToolsVersion = 8.3;
						ProvisioningStyle = Automatic;
					};
				};
			};
			buildConfigurationList = 705315C71EAFB9630055D088 /* Build configuration list for PBXProject "palindrome" */;
			compatibilityVersion = "Xcode 3.2";
			developmentRegion = English;
			hasScannedForEncodings = 0;
			knownRegions = (
				en,
			);
			mainGroup = 705315C31EAFB9630055D088;
			productRefGroup = 705315D01EAFB9630055D088 /* Products */;
			projectDirPath = "";
			projectRoot = "";
			targets = (
				705315CE1EAFB9630055D088 /* palindrome */,
				705315D41EAFB9630055D088 /* palindrome (Using input.txt) */,
				705315D91EAFB9630055D088 /* palindrome (Using input.txt and output.txt) */,
			);
		};
/* End PBXProject section */

/* Begin PBXSourcesBuildPhase section */
		705315C81EAFB9630055D088 /* Sources */ = {
			isa = PBXSourcesBuildPhase;
			buildActionMask = 2147483647;
			files = (
				705315DD1EAFB9630055D088 /* main.cpp in Sources */,
			);
			runOnlyForDeploymentPostprocessing = 0;
		};
		705315CB1EAFB9630055D088 /* Sources */ = {
			isa = PBXSourcesBuildPhase;
			buildActionMask = 2147483647;
			files = (
			);
			runOnlyForDeploymentPostprocessing = 0;
		};
		705315D11EAFB9630055D088 /* Sources */ = {
			isa = PBXSourcesBuildPhase;
			buildActionMask = 2147483647;
			files = (
				705315DE1EAFB9630055D088 /* main.cpp in Sources */,
			);
			runOnlyForDeploymentPostprocessing = 0;
		};
		705315D61EAFB9630055D088 /* Sources */ = {
			isa = PBXSourcesBuildPhase;
			buildActionMask = 2147483647;
			files = (
				705315DF1EAFB9630055D088 /* main.cpp in Sources */,
			);
			runOnlyForDeploymentPostprocessing = 0;
		};
/* End PBXSourcesBuildPhase section */

/* Begin XCBuildConfiguration section */
		705315E81EAFB9630055D088 /* Debug */ = {
			isa = XCBuildConfiguration;
			buildSettings = {
				ALWAYS_SEARCH_USER_PATHS = NO;
				CLANG_ANALYZER_NONNULL = YES;
				CLANG_ANALYZER_NUMBER_OBJECT_CONVERSION = YES_AGGRESSIVE;
				CLANG_CXX_LANGUAGE_STANDARD = "gnu++0x";
				CLANG_CXX_LIBRARY = "libc++";
				CLANG_ENABLE_MODULES = YES;
				CLANG_ENABLE_OBJC_ARC = YES;
				CLANG_WARN_BOOL_CONVERSION = YES;
				CLANG_WARN_CONSTANT_CONVERSION = YES;
				CLANG_WARN_DIRECT_OBJC_ISA_USAGE = YES_ERROR;
				CLANG_WARN_DOCUMENTATION_COMMENTS = YES;
				CLANG_WARN_EMPTY_BODY = YES;
				CLANG_WARN_ENUM_CONVERSION = YES;
				CLANG_WARN_INFINITE_RECURSION = YES;
				CLANG_WARN_INT_CONVERSION = YES;
				CLANG_WARN_OBJC_ROOT_CLASS = YES_ERROR;
				CLANG_WARN_SUSPICIOUS_MOVE = YES;
				CLANG_WARN_UNREACHABLE_CODE = YES;
				CLANG_WARN__DUPLICATE_METHOD_MATCH = YES;
				CODE_SIGN_IDENTITY = "-";
				COPY_PHASE_STRIP = NO;
				DEBUG_INFORMATION_FORMAT = dwarf;
				ENABLE_STRICT_OBJC_MSGSEND = YES;
				ENABLE_TESTABILITY = YES;
				GCC_C_LANGUAGE_STANDARD = gnu99;
				GCC_DYNAMIC_NO_PIC = NO;
				GCC_NO_COMMON_BLOCKS = YES;
				GCC_OPTIMIZATION_LEVEL = 0;
				GCC_PREPROCESSOR_DEFINITIONS = (
					"DEBUG=1",
					"$(inherited)",
				);
				GCC_WARN_64_TO_32_BIT_CONVERSION = YES;
				GCC_WARN_ABOUT_RETURN_TYPE = YES_ERROR;
				GCC_WARN_UNDECLARED_SELECTOR = YES;
				GCC_WARN_UNINITIALIZED_AUTOS = YES_AGGRESSIVE;
				GCC_WARN_UNUSED_FUNCTION = YES;
				GCC_WARN_UNUSED_VARIABLE = YES;
				MACOSX_DEPLOYMENT_TARGET = 10.12;
				MTL_ENABLE_DEBUG_INFO = YES;
				ONLY_ACTIVE_ARCH = YES;
				SDKROOT = macosx;
			};
			name = Debug;
		};
		705315E91EAFB9630055D088 /* Release */ = {
			isa = XCBuildConfiguration;
			buildSettings = {
				ALWAYS_SEARCH_USER_PATHS = NO;
				CLANG_ANALYZER_NONNULL = YES;
				CLANG_ANALYZER_NUMBER_OBJECT_CONVERSION = YES_AGGRESSIVE;
				CLANG_CXX_LANGUAGE_STANDARD = "gnu++0x";
				CLANG_CXX_LIBRARY = "libc++";
				CLANG_ENABLE_MODULES = YES;
				CLANG_ENABLE_OBJC_ARC = YES;
				CLANG_WARN_BOOL_CONVERSION = YES;
				CLANG_WARN_CONSTANT_CONVERSION = YES;
				CLANG_WARN_DIRECT_OBJC_ISA_USAGE = YES_ERROR;
				CLANG_WARN_DOCUMENTATION_COMMENTS = YES;
				CLANG_WARN_EMPTY_BODY = YES;
				CLANG_WARN_ENUM_CONVERSION = YES;
				CLANG_WARN_INFINITE_RECURSION = YES;
				CLANG_WARN_INT_CONVERSION = YES;
				CLANG_WARN_OBJC_ROOT_CLASS = YES_ERROR;
				CLANG_WARN_SUSPICIOUS_MOVE = YES;
				CLANG_WARN_UNREACHABLE_CODE = YES;
				CLANG_WARN__DUPLICATE_METHOD_MATCH = YES;
				CODE_SIGN_IDENTITY = "-";
				COPY_PHASE_STRIP = NO;
				DEBUG_INFORMATION_FORMAT = "dwarf-with-dsym";
				ENABLE_NS_ASSERTIONS = NO;
				ENABLE_STRICT_OBJC_MSGSEND = YES;
				GCC_C_LANGUAGE_STANDARD = gnu99;
				GCC_NO_COMMON_BLOCKS = YES;
				GCC_WARN_64_TO_32_BIT_CONVERSION = YES;
				GCC_WARN_ABOUT_RETURN_TYPE = YES_ERROR;
				GCC_WARN_UNDECLARED_SELECTOR = YES;
				GCC_WARN_UNINITIALIZED_AUTOS = YES_AGGRESSIVE;
				GCC_WARN_UNUSED_FUNCTION = YES;
				GCC_WARN_UNUSED_VARIABLE = YES;
				MACOSX_DEPLOYMENT_TARGET = 10.12;
				MTL_ENABLE_DEBUG_INFO = NO;
				SDKROOT = macosx;
			};
			name = Release;
		};
		705315EB1EAFB9630055D088 /* Debug */ = {
			isa = XCBuildConfiguration;
			buildSettings = {
				PRODUCT_NAME = "$(TARGET_NAME)";
			};
			name = Debug;
		};
		705315EC1EAFB9630055D088 /* Release */ = {
			isa = XCBuildConfiguration;
			buildSettings = {
				PRODUCT_NAME = "$(TARGET_NAME)";
			};
			name = Release;
		};
		705315EE1EAFB9630055D088 /* Debug */ = {
			isa = XCBuildConfiguration;
			buildSettings = {
				GCC_PREPROCESSOR_DEFINITIONS = (
					"USE_INPUT_FILE=1",
					"$(inherited)",
				);
				PRODUCT_NAME = "$(TARGET_NAME)";
			};
			name = Debug;
		};
		705315EF1EAFB9630055D088 /* Release */ = {
			isa = XCBuildConfiguration;
			buildSettings = {
				PRODUCT_NAME = "$(TARGET_NAME)";
			};
			name = Release;
		};
		705315F11EAFB9630055D088 /* Debug */ = {
			isa = XCBuildConfiguration;
			buildSettings = {
				GCC_PREPROCESSOR_DEFINITIONS = (
					"USE_INPUT_FILE=1",
					"USE_OUTPUT_FILE=1",
					"$(inherited)",
				);
				PRODUCT_NAME = "$(TARGET_NAME)";
			};
			name = Debug;
		};
		705315F21EAFB9630055D088 /* Release */ = {
			isa = XCBuildConfiguration;
			buildSettings = {
				PRODUCT_NAME = "$(TARGET_NAME)";
			};
			name = Release;
		};
/* End XCBuildConfiguration section */

/* Begin XCConfigurationList section */
		705315C71EAFB9630055D088 /* Build configuration list for PBXProject "palindrome" */ = {
			isa = XCConfigurationList;
			buildConfigurations = (
				705315E81EAFB9630055D088 /* Debug */,
				705315E91EAFB9630055D088 /* Release */,
			);
			defaultConfigurationIsVisible = 0;
			defaultConfigurationName = Release;
		};
		705315EA1EAFB9630055D088 /* Build configuration list for PBXNativeTarget "palindrome" */ = {
			isa = XCConfigurationList;
			buildConfigurations = (
				705315EB1EAFB9630055D088 /* Debug */,
				705315EC1EAFB9630055D088 /* Release */,
			);
			defaultConfigurationIsVisible = 0;
		};
		705315ED1EAFB9630055D088 /* Build configuration list for PBXNativeTarget "palindrome (Using input.txt)" */ = {
			isa = XCConfigurationList;
			buildConfigurations = (
				705315EE1EAFB9630055D088 /* Debug */,
				705315EF1EAFB9630055D088 /* Release */,
			);
			defaultConfigurationIsVisible = 0;
		};
		705315F01EAFB9630055D088 /* Build configuration list for PBXNativeTarget "palindrome (Using input.txt and output.txt)" */ = {
			isa = XCConfigurationList;
			buildConfigurations = (
				705315F11EAFB9630055D088 /* Debug */,
				705315F21EAFB9630055D088 /* Release */,
			);
			defaultConfigurationIsVisible = 0;
		};
/* End XCConfigurationList section */
	};
	rootObject = 705315C41EAFB9630055D088 /* Project object */;
}
