// !$*UTF8*$!
{
	archiveVersion = 1;
	classes = {
	};
	objectVersion = 46;
	objects = {

/* Begin PBXBuildFile section */
		70F7DC811EC097C200EB8418 /* main.cpp in Sources */ = {isa = PBXBuildFile; fileRef = 70F7DC801EC097C200EB8418 /* main.cpp */; };
		70F7DC821EC097C200EB8418 /* main.cpp in Sources */ = {isa = PBXBuildFile; fileRef = 70F7DC801EC097C200EB8418 /* main.cpp */; };
		70F7DC831EC097C200EB8418 /* main.cpp in Sources */ = {isa = PBXBuildFile; fileRef = 70F7DC801EC097C200EB8418 /* main.cpp */; };
		70F7DC851EC097C200EB8418 /* input.txt in CopyFiles */ = {isa = PBXBuildFile; fileRef = 70F7DC841EC097C200EB8418 /* input.txt */; };
		70F7DC861EC097C200EB8418 /* input.txt in CopyFiles */ = {isa = PBXBuildFile; fileRef = 70F7DC841EC097C200EB8418 /* input.txt */; };
		70F7DC871EC097C200EB8418 /* input.txt in CopyFiles */ = {isa = PBXBuildFile; fileRef = 70F7DC841EC097C200EB8418 /* input.txt */; };
		70F7DC891EC097C200EB8418 /* expected_output.txt in CopyFiles */ = {isa = PBXBuildFile; fileRef = 70F7DC881EC097C200EB8418 /* expected_output.txt */; };
		70F7DC8A1EC097C200EB8418 /* expected_output.txt in CopyFiles */ = {isa = PBXBuildFile; fileRef = 70F7DC881EC097C200EB8418 /* expected_output.txt */; };
		70F7DC8B1EC097C200EB8418 /* expected_output.txt in CopyFiles */ = {isa = PBXBuildFile; fileRef = 70F7DC881EC097C200EB8418 /* expected_output.txt */; };
/* End PBXBuildFile section */

/* Begin PBXCopyFilesBuildPhase section */
		70F7DC6E1EC097C100EB8418 /* CopyFiles */ = {
			isa = PBXCopyFilesBuildPhase;
			buildActionMask = 2147483647;
			dstPath = "";
			dstSubfolderSpec = 16;
			files = (
				70F7DC851EC097C200EB8418 /* input.txt in CopyFiles */,
				70F7DC891EC097C200EB8418 /* expected_output.txt in CopyFiles */,
			);
			runOnlyForDeploymentPostprocessing = 0;
		};
		70F7DC711EC097C100EB8418 /* CopyFiles */ = {
			isa = PBXCopyFilesBuildPhase;
			buildActionMask = 2147483647;
			dstPath = "";
			dstSubfolderSpec = 16;
			files = (
			);
			runOnlyForDeploymentPostprocessing = 0;
		};
		70F7DC771EC097C100EB8418 /* CopyFiles */ = {
			isa = PBXCopyFilesBuildPhase;
			buildActionMask = 2147483647;
			dstPath = "";
			dstSubfolderSpec = 16;
			files = (
				70F7DC861EC097C200EB8418 /* input.txt in CopyFiles */,
				70F7DC8A1EC097C200EB8418 /* expected_output.txt in CopyFiles */,
			);
			runOnlyForDeploymentPostprocessing = 0;
		};
		70F7DC7C1EC097C100EB8418 /* CopyFiles */ = {
			isa = PBXCopyFilesBuildPhase;
			buildActionMask = 2147483647;
			dstPath = "";
			dstSubfolderSpec = 16;
			files = (
				70F7DC871EC097C200EB8418 /* input.txt in CopyFiles */,
				70F7DC8B1EC097C200EB8418 /* expected_output.txt in CopyFiles */,
			);
			runOnlyForDeploymentPostprocessing = 0;
		};
/* End PBXCopyFilesBuildPhase section */

/* Begin PBXFileReference section */
		70F7DC731EC097C100EB8418 /* election */ = {isa = PBXFileReference; explicitFileType = "compiled.mach-o.executable"; includeInIndex = 0; path = election; sourceTree = BUILT_PRODUCTS_DIR; };
		70F7DC791EC097C100EB8418 /* election (Using input.txt) */ = {isa = PBXFileReference; explicitFileType = "compiled.mach-o.executable"; includeInIndex = 0; path = "election (Using input.txt)"; sourceTree = BUILT_PRODUCTS_DIR; };
		70F7DC7E1EC097C100EB8418 /* election (Using input.txt and output.txt) */ = {isa = PBXFileReference; explicitFileType = "compiled.mach-o.executable"; includeInIndex = 0; path = "election (Using input.txt and output.txt)"; sourceTree = BUILT_PRODUCTS_DIR; };
		70F7DC801EC097C200EB8418 /* main.cpp */ = {isa = PBXFileReference; lastKnownFileType = sourcecode.cpp.cpp; path = main.cpp; sourceTree = "<group>"; };
		70F7DC841EC097C200EB8418 /* input.txt */ = {isa = PBXFileReference; lastKnownFileType = text; path = input.txt; sourceTree = "<group>"; };
		70F7DC881EC097C200EB8418 /* expected_output.txt */ = {isa = PBXFileReference; lastKnownFileType = text; path = expected_output.txt; sourceTree = "<group>"; };
/* End PBXFileReference section */

/* Begin PBXFrameworksBuildPhase section */
		70F7DC6D1EC097C100EB8418 /* Frameworks */ = {
			isa = PBXFrameworksBuildPhase;
			buildActionMask = 2147483647;
			files = (
			);
			runOnlyForDeploymentPostprocessing = 0;
		};
		70F7DC701EC097C100EB8418 /* Frameworks */ = {
			isa = PBXFrameworksBuildPhase;
			buildActionMask = 2147483647;
			files = (
			);
			runOnlyForDeploymentPostprocessing = 0;
		};
		70F7DC761EC097C100EB8418 /* Frameworks */ = {
			isa = PBXFrameworksBuildPhase;
			buildActionMask = 2147483647;
			files = (
			);
			runOnlyForDeploymentPostprocessing = 0;
		};
		70F7DC7B1EC097C100EB8418 /* Frameworks */ = {
			isa = PBXFrameworksBuildPhase;
			buildActionMask = 2147483647;
			files = (
			);
			runOnlyForDeploymentPostprocessing = 0;
		};
/* End PBXFrameworksBuildPhase section */

/* Begin PBXGroup section */
		70F7DC671EC097C100EB8418 = {
			isa = PBXGroup;
			children = (
				70F7DC7F1EC097C100EB8418 /* election */,
				70F7DC741EC097C100EB8418 /* Products */,
			);
			sourceTree = "<group>";
		};
		70F7DC741EC097C100EB8418 /* Products */ = {
			isa = PBXGroup;
			children = (
				70F7DC731EC097C100EB8418 /* election */,
				70F7DC791EC097C100EB8418 /* election (Using input.txt) */,
				70F7DC7E1EC097C100EB8418 /* election (Using input.txt and output.txt) */,
			);
			name = Products;
			sourceTree = "<group>";
		};
		70F7DC7F1EC097C100EB8418 /* election */ = {
			isa = PBXGroup;
			children = (
				70F7DC801EC097C200EB8418 /* main.cpp */,
				70F7DC841EC097C200EB8418 /* input.txt */,
				70F7DC881EC097C200EB8418 /* expected_output.txt */,
			);
			path = election;
			sourceTree = "<group>";
		};
/* End PBXGroup section */

/* Begin PBXNativeTarget section */
		70F7DC721EC097C100EB8418 /* election */ = {
			isa = PBXNativeTarget;
			buildConfigurationList = 70F7DC8E1EC097C200EB8418 /* Build configuration list for PBXNativeTarget "election" */;
			buildPhases = (
				70F7DC6C1EC097C100EB8418 /* Sources */,
				70F7DC6D1EC097C100EB8418 /* Frameworks */,
				70F7DC6E1EC097C100EB8418 /* CopyFiles */,
				70F7DC6F1EC097C100EB8418 /* Sources */,
				70F7DC701EC097C100EB8418 /* Frameworks */,
				70F7DC711EC097C100EB8418 /* CopyFiles */,
			);
			buildRules = (
			);
			dependencies = (
			);
			name = election;
			productName = election;
			productReference = 70F7DC731EC097C100EB8418 /* election */;
			productType = "com.apple.product-type.tool";
		};
		70F7DC781EC097C100EB8418 /* election (Using input.txt) */ = {
			isa = PBXNativeTarget;
			buildConfigurationList = 70F7DC911EC097C200EB8418 /* Build configuration list for PBXNativeTarget "election (Using input.txt)" */;
			buildPhases = (
				70F7DC751EC097C100EB8418 /* Sources */,
				70F7DC761EC097C100EB8418 /* Frameworks */,
				70F7DC771EC097C100EB8418 /* CopyFiles */,
			);
			buildRules = (
			);
			dependencies = (
			);
			name = "election (Using input.txt)";
			productName = "election (Using input.txt)";
			productReference = 70F7DC791EC097C100EB8418 /* election (Using input.txt) */;
			productType = "com.apple.product-type.tool";
		};
		70F7DC7D1EC097C100EB8418 /* election (Using input.txt and output.txt) */ = {
			isa = PBXNativeTarget;
			buildConfigurationList = 70F7DC941EC097C200EB8418 /* Build configuration list for PBXNativeTarget "election (Using input.txt and output.txt)" */;
			buildPhases = (
				70F7DC7A1EC097C100EB8418 /* Sources */,
				70F7DC7B1EC097C100EB8418 /* Frameworks */,
				70F7DC7C1EC097C100EB8418 /* CopyFiles */,
			);
			buildRules = (
			);
			dependencies = (
			);
			name = "election (Using input.txt and output.txt)";
			productName = "election (Using input.txt and output.txt)";
			productReference = 70F7DC7E1EC097C100EB8418 /* election (Using input.txt and output.txt) */;
			productType = "com.apple.product-type.tool";
		};
/* End PBXNativeTarget section */

/* Begin PBXProject section */
		70F7DC681EC097C100EB8418 /* Project object */ = {
			isa = PBXProject;
			attributes = {
				LastUpgradeCheck = 0830;
				ORGANIZATIONNAME = "Alec Schneider";
				TargetAttributes = {
					70F7DC721EC097C100EB8418 = {
						CreatedOnToolsVersion = 8.3;
						ProvisioningStyle = Automatic;
					};
					70F7DC781EC097C100EB8418 = {
						CreatedOnToolsVersion = 8.3;
						ProvisioningStyle = Automatic;
					};
					70F7DC7D1EC097C100EB8418 = {
						CreatedOnToolsVersion = 8.3;
						ProvisioningStyle = Automatic;
					};
				};
			};
			buildConfigurationList = 70F7DC6B1EC097C100EB8418 /* Build configuration list for PBXProject "election" */;
			compatibilityVersion = "Xcode 3.2";
			developmentRegion = English;
			hasScannedForEncodings = 0;
			knownRegions = (
				en,
			);
			mainGroup = 70F7DC671EC097C100EB8418;
			productRefGroup = 70F7DC741EC097C100EB8418 /* Products */;
			projectDirPath = "";
			projectRoot = "";
			targets = (
				70F7DC721EC097C100EB8418 /* election */,
				70F7DC781EC097C100EB8418 /* election (Using input.txt) */,
				70F7DC7D1EC097C100EB8418 /* election (Using input.txt and output.txt) */,
			);
		};
/* End PBXProject section */

/* Begin PBXSourcesBuildPhase section */
		70F7DC6C1EC097C100EB8418 /* Sources */ = {
			isa = PBXSourcesBuildPhase;
			buildActionMask = 2147483647;
			files = (
				70F7DC811EC097C200EB8418 /* main.cpp in Sources */,
			);
			runOnlyForDeploymentPostprocessing = 0;
		};
		70F7DC6F1EC097C100EB8418 /* Sources */ = {
			isa = PBXSourcesBuildPhase;
			buildActionMask = 2147483647;
			files = (
			);
			runOnlyForDeploymentPostprocessing = 0;
		};
		70F7DC751EC097C100EB8418 /* Sources */ = {
			isa = PBXSourcesBuildPhase;
			buildActionMask = 2147483647;
			files = (
				70F7DC821EC097C200EB8418 /* main.cpp in Sources */,
			);
			runOnlyForDeploymentPostprocessing = 0;
		};
		70F7DC7A1EC097C100EB8418 /* Sources */ = {
			isa = PBXSourcesBuildPhase;
			buildActionMask = 2147483647;
			files = (
				70F7DC831EC097C200EB8418 /* main.cpp in Sources */,
			);
			runOnlyForDeploymentPostprocessing = 0;
		};
/* End PBXSourcesBuildPhase section */

/* Begin XCBuildConfiguration section */
		70F7DC8C1EC097C200EB8418 /* Debug */ = {
			isa = XCBuildConfiguration;
			buildSettings = {
				ALWAYS_SEARCH_USER_PATHS = NO;
				CLANG_ANALYZER_NONNULL = YES;
				CLANG_ANALYZER_NUMBER_OBJECT_CONVERSION = YES_AGGRESSIVE;
				CLANG_CXX_LANGUAGE_STANDARD = "gnu++0x";
				CLANG_CXX_LIBRARY = "libc++";
				CLANG_ENABLE_MODULES = YES;
				CLANG_ENABLE_OBJC_ARC = YES;
				CLANG_WARN_BOOL_CONVERSION = YES;
				CLANG_WARN_CONSTANT_CONVERSION = YES;
				CLANG_WARN_DIRECT_OBJC_ISA_USAGE = YES_ERROR;
				CLANG_WARN_DOCUMENTATION_COMMENTS = YES;
				CLANG_WARN_EMPTY_BODY = YES;
				CLANG_WARN_ENUM_CONVERSION = YES;
				CLANG_WARN_INFINITE_RECURSION = YES;
				CLANG_WARN_INT_CONVERSION = YES;
				CLANG_WARN_OBJC_ROOT_CLASS = YES_ERROR;
				CLANG_WARN_SUSPICIOUS_MOVE = YES;
				CLANG_WARN_UNREACHABLE_CODE = YES;
				CLANG_WARN__DUPLICATE_METHOD_MATCH = YES;
				CODE_SIGN_IDENTITY = "-";
				COPY_PHASE_STRIP = NO;
				DEBUG_INFORMATION_FORMAT = dwarf;
				ENABLE_STRICT_OBJC_MSGSEND = YES;
				ENABLE_TESTABILITY = YES;
				GCC_C_LANGUAGE_STANDARD = gnu99;
				GCC_DYNAMIC_NO_PIC = NO;
				GCC_NO_COMMON_BLOCKS = YES;
				GCC_OPTIMIZATION_LEVEL = 0;
				GCC_PREPROCESSOR_DEFINITIONS = (
					"DEBUG=1",
					"$(inherited)",
				);
				GCC_WARN_64_TO_32_BIT_CONVERSION = YES;
				GCC_WARN_ABOUT_RETURN_TYPE = YES_ERROR;
				GCC_WARN_UNDECLARED_SELECTOR = YES;
				GCC_WARN_UNINITIALIZED_AUTOS = YES_AGGRESSIVE;
				GCC_WARN_UNUSED_FUNCTION = YES;
				GCC_WARN_UNUSED_VARIABLE = YES;
				MACOSX_DEPLOYMENT_TARGET = 10.12;
				MTL_ENABLE_DEBUG_INFO = YES;
				ONLY_ACTIVE_ARCH = YES;
				SDKROOT = macosx;
			};
			name = Debug;
		};
		70F7DC8D1EC097C200EB8418 /* Release */ = {
			isa = XCBuildConfiguration;
			buildSettings = {
				ALWAYS_SEARCH_USER_PATHS = NO;
				CLANG_ANALYZER_NONNULL = YES;
				CLANG_ANALYZER_NUMBER_OBJECT_CONVERSION = YES_AGGRESSIVE;
				CLANG_CXX_LANGUAGE_STANDARD = "gnu++0x";
				CLANG_CXX_LIBRARY = "libc++";
				CLANG_ENABLE_MODULES = YES;
				CLANG_ENABLE_OBJC_ARC = YES;
				CLANG_WARN_BOOL_CONVERSION = YES;
				CLANG_WARN_CONSTANT_CONVERSION = YES;
				CLANG_WARN_DIRECT_OBJC_ISA_USAGE = YES_ERROR;
				CLANG_WARN_DOCUMENTATION_COMMENTS = YES;
				CLANG_WARN_EMPTY_BODY = YES;
				CLANG_WARN_ENUM_CONVERSION = YES;
				CLANG_WARN_INFINITE_RECURSION = YES;
				CLANG_WARN_INT_CONVERSION = YES;
				CLANG_WARN_OBJC_ROOT_CLASS = YES_ERROR;
				CLANG_WARN_SUSPICIOUS_MOVE = YES;
				CLANG_WARN_UNREACHABLE_CODE = YES;
				CLANG_WARN__DUPLICATE_METHOD_MATCH = YES;
				CODE_SIGN_IDENTITY = "-";
				COPY_PHASE_STRIP = NO;
				DEBUG_INFORMATION_FORMAT = "dwarf-with-dsym";
				ENABLE_NS_ASSERTIONS = NO;
				ENABLE_STRICT_OBJC_MSGSEND = YES;
				GCC_C_LANGUAGE_STANDARD = gnu99;
				GCC_NO_COMMON_BLOCKS = YES;
				GCC_WARN_64_TO_32_BIT_CONVERSION = YES;
				GCC_WARN_ABOUT_RETURN_TYPE = YES_ERROR;
				GCC_WARN_UNDECLARED_SELECTOR = YES;
				GCC_WARN_UNINITIALIZED_AUTOS = YES_AGGRESSIVE;
				GCC_WARN_UNUSED_FUNCTION = YES;
				GCC_WARN_UNUSED_VARIABLE = YES;
				MACOSX_DEPLOYMENT_TARGET = 10.12;
				MTL_ENABLE_DEBUG_INFO = NO;
				SDKROOT = macosx;
			};
			name = Release;
		};
		70F7DC8F1EC097C200EB8418 /* Debug */ = {
			isa = XCBuildConfiguration;
			buildSettings = {
				PRODUCT_NAME = "$(TARGET_NAME)";
			};
			name = Debug;
		};
		70F7DC901EC097C200EB8418 /* Release */ = {
			isa = XCBuildConfiguration;
			buildSettings = {
				PRODUCT_NAME = "$(TARGET_NAME)";
			};
			name = Release;
		};
		70F7DC921EC097C200EB8418 /* Debug */ = {
			isa = XCBuildConfiguration;
			buildSettings = {
				GCC_PREPROCESSOR_DEFINITIONS = (
					"USE_INPUT_FILE=1",
					"$(inherited)",
				);
				PRODUCT_NAME = "$(TARGET_NAME)";
			};
			name = Debug;
		};
		70F7DC931EC097C200EB8418 /* Release */ = {
			isa = XCBuildConfiguration;
			buildSettings = {
				PRODUCT_NAME = "$(TARGET_NAME)";
			};
			name = Release;
		};
		70F7DC951EC097C200EB8418 /* Debug */ = {
			isa = XCBuildConfiguration;
			buildSettings = {
				GCC_PREPROCESSOR_DEFINITIONS = (
					"USE_INPUT_FILE=1",
					"USE_OUTPUT_FILE=1",
					"$(inherited)",
				);
				PRODUCT_NAME = "$(TARGET_NAME)";
			};
			name = Debug;
		};
		70F7DC961EC097C200EB8418 /* Release */ = {
			isa = XCBuildConfiguration;
			buildSettings = {
				PRODUCT_NAME = "$(TARGET_NAME)";
			};
			name = Release;
		};
/* End XCBuildConfiguration section */

/* Begin XCConfigurationList section */
		70F7DC6B1EC097C100EB8418 /* Build configuration list for PBXProject "election" */ = {
			isa = XCConfigurationList;
			buildConfigurations = (
				70F7DC8C1EC097C200EB8418 /* Debug */,
				70F7DC8D1EC097C200EB8418 /* Release */,
			);
			defaultConfigurationIsVisible = 0;
			defaultConfigurationName = Release;
		};
		70F7DC8E1EC097C200EB8418 /* Build configuration list for PBXNativeTarget "election" */ = {
			isa = XCConfigurationList;
			buildConfigurations = (
				70F7DC8F1EC097C200EB8418 /* Debug */,
				70F7DC901EC097C200EB8418 /* Release */,
			);
			defaultConfigurationIsVisible = 0;
		};
		70F7DC911EC097C200EB8418 /* Build configuration list for PBXNativeTarget "election (Using input.txt)" */ = {
			isa = XCConfigurationList;
			buildConfigurations = (
				70F7DC921EC097C200EB8418 /* Debug */,
				70F7DC931EC097C200EB8418 /* Release */,
			);
			defaultConfigurationIsVisible = 0;
		};
		70F7DC941EC097C200EB8418 /* Build configuration list for PBXNativeTarget "election (Using input.txt and output.txt)" */ = {
			isa = XCConfigurationList;
			buildConfigurations = (
				70F7DC951EC097C200EB8418 /* Debug */,
				70F7DC961EC097C200EB8418 /* Release */,
			);
			defaultConfigurationIsVisible = 0;
		};
/* End XCConfigurationList section */
	};
	rootObject = 70F7DC681EC097C100EB8418 /* Project object */;
}
